PODS:
  - Alamofire (3.5.0)
  - Freddy (2.0.2)
  - PromiseKit/CorePromise (3.2.0)
  - PromiseKit/UIKit (3.2.0):
    - PromiseKit/CorePromise
  - Realm (0.102.0):
    - Realm/Headers (= 0.102.0)
  - Realm/Headers (0.102.0)
  - RealmSwift (0.102.0):
    - Realm (= 0.102.0)
  - SDWebImage (3.7.6):
    - SDWebImage/Core (= 3.7.6)
  - SDWebImage/Core (3.7.6)
  - Swinject (1.1.2)

DEPENDENCIES:
  - Alamofire (~> 3.5)
  - Freddy
  - PromiseKit/CorePromise
  - PromiseKit/UIKit
  - RealmSwift
  - SDWebImage
  - Swinject

SPEC CHECKSUMS:
  Alamofire: b70a7352335f8ea5babd0a923eb7e8eacc67b877
  Freddy: e53713b8d5be02dbf5f4132c44d899d99eb09a6b
  PromiseKit: 1db024241265f428137a9f3c00ff9590740c4be6
  Realm: 5d219f9037e3ec2019c599b8227bfc95433cb10e
  RealmSwift: e6f436f9fea1c57b9ad6d1c46d57562c845f3c4c
  SDWebImage: c325cf02c30337336b95beff20a13df489ec0ec9
  Swinject: 3debc5ac926dcd1be00947265a9db7a5f31b272a

PODFILE CHECKSUM: f2c7cbf957ac0eeef08348e1db3aeb0ef282ccea

COCOAPODS: 1.0.1
