// !$*UTF8*$!
{
	archiveVersion = 1;
	classes = {
	};
	objectVersion = 46;
	objects = {

/* Begin PBXBuildFile section */
		830D997C1C5C4827003CC4BB /* FeedCollectionViewCell.swift in Sources */ = {isa = PBXBuildFile; fileRef = 830D997B1C5C4827003CC4BB /* FeedCollectionViewCell.swift */; };
		8310483D1C710B9B003FB964 /* LoginViewController.swift in Sources */ = {isa = PBXBuildFile; fileRef = 8310483C1C710B9B003FB964 /* LoginViewController.swift */; };
		833239B11C77F47700494388 /* FeedSearchTableViewController.swift in Sources */ = {isa = PBXBuildFile; fileRef = 833239B01C77F47700494388 /* FeedSearchTableViewController.swift */; };
		833239B31C78E2DD00494388 /* APIEndpoint.swift in Sources */ = {isa = PBXBuildFile; fileRef = 833239B21C78E2DD00494388 /* APIEndpoint.swift */; };
		833239B51C78EC7D00494388 /* Setting.swift in Sources */ = {isa = PBXBuildFile; fileRef = 833239B41C78EC7D00494388 /* Setting.swift */; };
		833F1B111C5B01AE002CCB77 /* FeedViewController.swift in Sources */ = {isa = PBXBuildFile; fileRef = 833F1B101C5B01AE002CCB77 /* FeedViewController.swift */; };
		833F1B131C5B0A59002CCB77 /* SingleFeedViewController.swift in Sources */ = {isa = PBXBuildFile; fileRef = 833F1B121C5B0A59002CCB77 /* SingleFeedViewController.swift */; };
		83475AC71C60490000F48D33 /* UpNextViewController.swift in Sources */ = {isa = PBXBuildFile; fileRef = 83475AC61C60490000F48D33 /* UpNextViewController.swift */; };
		83475B2A1C62DB5000F48D33 /* AppContainerViewController.swift in Sources */ = {isa = PBXBuildFile; fileRef = 83475B291C62DB5000F48D33 /* AppContainerViewController.swift */; };
		8349DA071C5DACE900C70153 /* MediaPlayer.framework in Frameworks */ = {isa = PBXBuildFile; fileRef = 8349DA061C5DACE900C70153 /* MediaPlayer.framework */; };
		83526ADA1C5AF19B00C43845 /* Feed.swift in Sources */ = {isa = PBXBuildFile; fileRef = 83526AD91C5AF19B00C43845 /* Feed.swift */; };
		837857C01C5C52400026959C /* Player.swift in Sources */ = {isa = PBXBuildFile; fileRef = 837857BF1C5C52400026959C /* Player.swift */; };
		837857C21C5C52660026959C /* AVFoundation.framework in Frameworks */ = {isa = PBXBuildFile; fileRef = 837857C11C5C52660026959C /* AVFoundation.framework */; };
		837857C61C5D629B0026959C /* PlayerViewController.swift in Sources */ = {isa = PBXBuildFile; fileRef = 837857C51C5D629B0026959C /* PlayerViewController.swift */; };
		837857D31C5D93600026959C /* UIImageColors.swift in Sources */ = {isa = PBXBuildFile; fileRef = 837857D21C5D93600026959C /* UIImageColors.swift */; };
		839680C21CACBC9A007A4D62 /* unnamedcastUnitTests.swift in Sources */ = {isa = PBXBuildFile; fileRef = 83E3456B1C94A71D009F25E6 /* unnamedcastUnitTests.swift */; };
		839680C31CACBDBA007A4D62 /* Feed.swift in Sources */ = {isa = PBXBuildFile; fileRef = 83526AD91C5AF19B00C43845 /* Feed.swift */; };
		839680C41CACBDBA007A4D62 /* User.swift in Sources */ = {isa = PBXBuildFile; fileRef = 83E345751C94ADAB009F25E6 /* User.swift */; };
		839680C51CACBDBA007A4D62 /* APIEndpoint.swift in Sources */ = {isa = PBXBuildFile; fileRef = 833239B21C78E2DD00494388 /* APIEndpoint.swift */; };
		839680C61CACBDBA007A4D62 /* Setting.swift in Sources */ = {isa = PBXBuildFile; fileRef = 833239B41C78EC7D00494388 /* Setting.swift */; };
		839680C71CACBDBA007A4D62 /* DataStore.swift in Sources */ = {isa = PBXBuildFile; fileRef = 83AFF8A91C8B7A8900E94AFE /* DataStore.swift */; };
		839680C91CACC1FC007A4D62 /* userfeeds1.json in Resources */ = {isa = PBXBuildFile; fileRef = 839680C81CACC1FC007A4D62 /* userfeeds1.json */; };
		83AFF8AA1C8B7A8900E94AFE /* DataStore.swift in Sources */ = {isa = PBXBuildFile; fileRef = 83AFF8A91C8B7A8900E94AFE /* DataStore.swift */; };
		83C5145A1CACC931003FCBA4 /* feed1.json in Resources */ = {isa = PBXBuildFile; fileRef = 83E345631C94A5FE009F25E6 /* feed1.json */; };
		83C85B971CACC9E3001FF216 /* Pods_unnamedcastTests.framework in Frameworks */ = {isa = PBXBuildFile; fileRef = 83C85B961CACC9E3001FF216 /* Pods_unnamedcastTests.framework */; };
		83E345641C94A5FE009F25E6 /* feed1.json in Resources */ = {isa = PBXBuildFile; fileRef = 83E345631C94A5FE009F25E6 /* feed1.json */; };
		83E345761C94ADAB009F25E6 /* User.swift in Sources */ = {isa = PBXBuildFile; fileRef = 83E345751C94ADAB009F25E6 /* User.swift */; };
		83E7256C1C5AEF0D00A0E8D4 /* AppDelegate.swift in Sources */ = {isa = PBXBuildFile; fileRef = 83E7256B1C5AEF0D00A0E8D4 /* AppDelegate.swift */; };
		83E725711C5AEF0D00A0E8D4 /* Main.storyboard in Resources */ = {isa = PBXBuildFile; fileRef = 83E7256F1C5AEF0D00A0E8D4 /* Main.storyboard */; };
		83E725731C5AEF0D00A0E8D4 /* Assets.xcassets in Resources */ = {isa = PBXBuildFile; fileRef = 83E725721C5AEF0D00A0E8D4 /* Assets.xcassets */; };
		83E725761C5AEF0D00A0E8D4 /* LaunchScreen.storyboard in Resources */ = {isa = PBXBuildFile; fileRef = 83E725741C5AEF0D00A0E8D4 /* LaunchScreen.storyboard */; };
		83E725811C5AEF0D00A0E8D4 /* unnamedcastTests.swift in Sources */ = {isa = PBXBuildFile; fileRef = 83E725801C5AEF0D00A0E8D4 /* unnamedcastTests.swift */; };
		83E7258C1C5AEF0D00A0E8D4 /* unnamedcastUITests.swift in Sources */ = {isa = PBXBuildFile; fileRef = 83E7258B1C5AEF0D00A0E8D4 /* unnamedcastUITests.swift */; };
		D90478C88F40B368327F80E7 /* Pods_unnamedcastTests.framework in Frameworks */ = {isa = PBXBuildFile; fileRef = B8C6C777846C849622EF9BD3 /* Pods_unnamedcastTests.framework */; };
		E50B2570D16F226989B4FEF9 /* Pods_unnamedcast.framework in Frameworks */ = {isa = PBXBuildFile; fileRef = 00EF784EDACA05671A2529E3 /* Pods_unnamedcast.framework */; };
/* End PBXBuildFile section */

/* Begin PBXContainerItemProxy section */
		83E7257D1C5AEF0D00A0E8D4 /* PBXContainerItemProxy */ = {
			isa = PBXContainerItemProxy;
			containerPortal = 83E725601C5AEF0D00A0E8D4 /* Project object */;
			proxyType = 1;
			remoteGlobalIDString = 83E725671C5AEF0D00A0E8D4;
			remoteInfo = unnamedcast;
		};
		83E725881C5AEF0D00A0E8D4 /* PBXContainerItemProxy */ = {
			isa = PBXContainerItemProxy;
			containerPortal = 83E725601C5AEF0D00A0E8D4 /* Project object */;
			proxyType = 1;
			remoteGlobalIDString = 83E725671C5AEF0D00A0E8D4;
			remoteInfo = unnamedcast;
		};
/* End PBXContainerItemProxy section */

/* Begin PBXFileReference section */
		00EF784EDACA05671A2529E3 /* Pods_unnamedcast.framework */ = {isa = PBXFileReference; explicitFileType = wrapper.framework; includeInIndex = 0; path = Pods_unnamedcast.framework; sourceTree = BUILT_PRODUCTS_DIR; };
		4FF47A83A048E006D3B2733D /* Pods-unnamedcastTests.debug.xcconfig */ = {isa = PBXFileReference; includeInIndex = 1; lastKnownFileType = text.xcconfig; name = "Pods-unnamedcastTests.debug.xcconfig"; path = "Pods/Target Support Files/Pods-unnamedcastTests/Pods-unnamedcastTests.debug.xcconfig"; sourceTree = "<group>"; };
		830D997B1C5C4827003CC4BB /* FeedCollectionViewCell.swift */ = {isa = PBXFileReference; fileEncoding = 4; lastKnownFileType = sourcecode.swift; path = FeedCollectionViewCell.swift; sourceTree = "<group>"; };
		8310483C1C710B9B003FB964 /* LoginViewController.swift */ = {isa = PBXFileReference; fileEncoding = 4; lastKnownFileType = sourcecode.swift; path = LoginViewController.swift; sourceTree = "<group>"; };
		833239B01C77F47700494388 /* FeedSearchTableViewController.swift */ = {isa = PBXFileReference; fileEncoding = 4; lastKnownFileType = sourcecode.swift; path = FeedSearchTableViewController.swift; sourceTree = "<group>"; };
		833239B21C78E2DD00494388 /* APIEndpoint.swift */ = {isa = PBXFileReference; fileEncoding = 4; lastKnownFileType = sourcecode.swift; path = APIEndpoint.swift; sourceTree = "<group>"; };
		833239B41C78EC7D00494388 /* Setting.swift */ = {isa = PBXFileReference; fileEncoding = 4; lastKnownFileType = sourcecode.swift; path = Setting.swift; sourceTree = "<group>"; };
		833F1B101C5B01AE002CCB77 /* FeedViewController.swift */ = {isa = PBXFileReference; fileEncoding = 4; lastKnownFileType = sourcecode.swift; path = FeedViewController.swift; sourceTree = "<group>"; };
		833F1B121C5B0A59002CCB77 /* SingleFeedViewController.swift */ = {isa = PBXFileReference; fileEncoding = 4; lastKnownFileType = sourcecode.swift; path = SingleFeedViewController.swift; sourceTree = "<group>"; };
		83475AC61C60490000F48D33 /* UpNextViewController.swift */ = {isa = PBXFileReference; fileEncoding = 4; lastKnownFileType = sourcecode.swift; path = UpNextViewController.swift; sourceTree = "<group>"; };
		83475B291C62DB5000F48D33 /* AppContainerViewController.swift */ = {isa = PBXFileReference; fileEncoding = 4; lastKnownFileType = sourcecode.swift; path = AppContainerViewController.swift; sourceTree = "<group>"; };
		8349DA061C5DACE900C70153 /* MediaPlayer.framework */ = {isa = PBXFileReference; lastKnownFileType = wrapper.framework; name = MediaPlayer.framework; path = System/Library/Frameworks/MediaPlayer.framework; sourceTree = SDKROOT; };
		83526AD91C5AF19B00C43845 /* Feed.swift */ = {isa = PBXFileReference; fileEncoding = 4; lastKnownFileType = sourcecode.swift; path = Feed.swift; sourceTree = "<group>"; };
		837857BF1C5C52400026959C /* Player.swift */ = {isa = PBXFileReference; fileEncoding = 4; lastKnownFileType = sourcecode.swift; path = Player.swift; sourceTree = "<group>"; };
		837857C11C5C52660026959C /* AVFoundation.framework */ = {isa = PBXFileReference; lastKnownFileType = wrapper.framework; name = AVFoundation.framework; path = System/Library/Frameworks/AVFoundation.framework; sourceTree = SDKROOT; };
		837857C51C5D629B0026959C /* PlayerViewController.swift */ = {isa = PBXFileReference; fileEncoding = 4; lastKnownFileType = sourcecode.swift; path = PlayerViewController.swift; sourceTree = "<group>"; };
		837857D21C5D93600026959C /* UIImageColors.swift */ = {isa = PBXFileReference; fileEncoding = 4; lastKnownFileType = sourcecode.swift; path = UIImageColors.swift; sourceTree = "<group>"; };
		839680C81CACC1FC007A4D62 /* userfeeds1.json */ = {isa = PBXFileReference; fileEncoding = 4; lastKnownFileType = text.json; path = userfeeds1.json; sourceTree = "<group>"; };
		83AFF8A91C8B7A8900E94AFE /* DataStore.swift */ = {isa = PBXFileReference; fileEncoding = 4; lastKnownFileType = sourcecode.swift; path = DataStore.swift; sourceTree = "<group>"; };
		83C85B961CACC9E3001FF216 /* Pods_unnamedcastTests.framework */ = {isa = PBXFileReference; lastKnownFileType = wrapper.framework; name = Pods_unnamedcastTests.framework; path = "Pods/../build/Debug-iphoneos/Pods_unnamedcastTests.framework"; sourceTree = "<group>"; };
		83E345631C94A5FE009F25E6 /* feed1.json */ = {isa = PBXFileReference; fileEncoding = 4; lastKnownFileType = text.json; name = feed1.json; path = ../unnamedcastTests/feed1.json; sourceTree = "<group>"; };
		83E345691C94A71D009F25E6 /* unnamedcastUnitTests.xctest */ = {isa = PBXFileReference; explicitFileType = wrapper.cfbundle; includeInIndex = 0; path = unnamedcastUnitTests.xctest; sourceTree = BUILT_PRODUCTS_DIR; };
		83E3456B1C94A71D009F25E6 /* unnamedcastUnitTests.swift */ = {isa = PBXFileReference; lastKnownFileType = sourcecode.swift; path = unnamedcastUnitTests.swift; sourceTree = "<group>"; };
		83E3456D1C94A71D009F25E6 /* Info.plist */ = {isa = PBXFileReference; lastKnownFileType = text.plist.xml; path = Info.plist; sourceTree = "<group>"; };
		83E345751C94ADAB009F25E6 /* User.swift */ = {isa = PBXFileReference; fileEncoding = 4; lastKnownFileType = sourcecode.swift; path = User.swift; sourceTree = "<group>"; };
		83E725681C5AEF0D00A0E8D4 /* unnamedcast.app */ = {isa = PBXFileReference; explicitFileType = wrapper.application; includeInIndex = 0; path = unnamedcast.app; sourceTree = BUILT_PRODUCTS_DIR; };
		83E7256B1C5AEF0D00A0E8D4 /* AppDelegate.swift */ = {isa = PBXFileReference; lastKnownFileType = sourcecode.swift; path = AppDelegate.swift; sourceTree = "<group>"; };
		83E725701C5AEF0D00A0E8D4 /* Base */ = {isa = PBXFileReference; lastKnownFileType = file.storyboard; name = Base; path = Base.lproj/Main.storyboard; sourceTree = "<group>"; };
		83E725721C5AEF0D00A0E8D4 /* Assets.xcassets */ = {isa = PBXFileReference; lastKnownFileType = folder.assetcatalog; path = Assets.xcassets; sourceTree = "<group>"; };
		83E725751C5AEF0D00A0E8D4 /* Base */ = {isa = PBXFileReference; lastKnownFileType = file.storyboard; name = Base; path = Base.lproj/LaunchScreen.storyboard; sourceTree = "<group>"; };
		83E725771C5AEF0D00A0E8D4 /* Info.plist */ = {isa = PBXFileReference; lastKnownFileType = text.plist.xml; path = Info.plist; sourceTree = "<group>"; };
		83E7257C1C5AEF0D00A0E8D4 /* unnamedcastTests.xctest */ = {isa = PBXFileReference; explicitFileType = wrapper.cfbundle; includeInIndex = 0; path = unnamedcastTests.xctest; sourceTree = BUILT_PRODUCTS_DIR; };
		83E725801C5AEF0D00A0E8D4 /* unnamedcastTests.swift */ = {isa = PBXFileReference; lastKnownFileType = sourcecode.swift; path = unnamedcastTests.swift; sourceTree = "<group>"; };
		83E725821C5AEF0D00A0E8D4 /* Info.plist */ = {isa = PBXFileReference; lastKnownFileType = text.plist.xml; path = Info.plist; sourceTree = "<group>"; };
		83E725871C5AEF0D00A0E8D4 /* unnamedcastUITests.xctest */ = {isa = PBXFileReference; explicitFileType = wrapper.cfbundle; includeInIndex = 0; path = unnamedcastUITests.xctest; sourceTree = BUILT_PRODUCTS_DIR; };
		83E7258B1C5AEF0D00A0E8D4 /* unnamedcastUITests.swift */ = {isa = PBXFileReference; lastKnownFileType = sourcecode.swift; path = unnamedcastUITests.swift; sourceTree = "<group>"; };
		83E7258D1C5AEF0D00A0E8D4 /* Info.plist */ = {isa = PBXFileReference; lastKnownFileType = text.plist.xml; path = Info.plist; sourceTree = "<group>"; };
		A16DC53B0CB56E75D93C84DF /* Pods-unnamedcast.debug.xcconfig */ = {isa = PBXFileReference; includeInIndex = 1; lastKnownFileType = text.xcconfig; name = "Pods-unnamedcast.debug.xcconfig"; path = "Pods/Target Support Files/Pods-unnamedcast/Pods-unnamedcast.debug.xcconfig"; sourceTree = "<group>"; };
		B8C6C777846C849622EF9BD3 /* Pods_unnamedcastTests.framework */ = {isa = PBXFileReference; explicitFileType = wrapper.framework; includeInIndex = 0; path = Pods_unnamedcastTests.framework; sourceTree = BUILT_PRODUCTS_DIR; };
		D772C390607E3E7290BC6E12 /* Pods-unnamedcastTests.release.xcconfig */ = {isa = PBXFileReference; includeInIndex = 1; lastKnownFileType = text.xcconfig; name = "Pods-unnamedcastTests.release.xcconfig"; path = "Pods/Target Support Files/Pods-unnamedcastTests/Pods-unnamedcastTests.release.xcconfig"; sourceTree = "<group>"; };
		FF6E63677FF8407689A0F7EC /* Pods-unnamedcast.release.xcconfig */ = {isa = PBXFileReference; includeInIndex = 1; lastKnownFileType = text.xcconfig; name = "Pods-unnamedcast.release.xcconfig"; path = "Pods/Target Support Files/Pods-unnamedcast/Pods-unnamedcast.release.xcconfig"; sourceTree = "<group>"; };
/* End PBXFileReference section */

/* Begin PBXFrameworksBuildPhase section */
		83E345661C94A71D009F25E6 /* Frameworks */ = {
			isa = PBXFrameworksBuildPhase;
			buildActionMask = 2147483647;
			files = (
				83C85B971CACC9E3001FF216 /* Pods_unnamedcastTests.framework in Frameworks */,
			);
			runOnlyForDeploymentPostprocessing = 0;
		};
		83E725651C5AEF0D00A0E8D4 /* Frameworks */ = {
			isa = PBXFrameworksBuildPhase;
			buildActionMask = 2147483647;
			files = (
				8349DA071C5DACE900C70153 /* MediaPlayer.framework in Frameworks */,
				837857C21C5C52660026959C /* AVFoundation.framework in Frameworks */,
				E50B2570D16F226989B4FEF9 /* Pods_unnamedcast.framework in Frameworks */,
			);
			runOnlyForDeploymentPostprocessing = 0;
		};
		83E725791C5AEF0D00A0E8D4 /* Frameworks */ = {
			isa = PBXFrameworksBuildPhase;
			buildActionMask = 2147483647;
			files = (
				D90478C88F40B368327F80E7 /* Pods_unnamedcastTests.framework in Frameworks */,
			);
			runOnlyForDeploymentPostprocessing = 0;
		};
		83E725841C5AEF0D00A0E8D4 /* Frameworks */ = {
			isa = PBXFrameworksBuildPhase;
			buildActionMask = 2147483647;
			files = (
			);
			runOnlyForDeploymentPostprocessing = 0;
		};
/* End PBXFrameworksBuildPhase section */

/* Begin PBXGroup section */
		8310483B1C710AE4003FB964 /* VC */ = {
			isa = PBXGroup;
			children = (
				83475B291C62DB5000F48D33 /* AppContainerViewController.swift */,
				833F1B101C5B01AE002CCB77 /* FeedViewController.swift */,
				837857C51C5D629B0026959C /* PlayerViewController.swift */,
				833F1B121C5B0A59002CCB77 /* SingleFeedViewController.swift */,
				83475AC61C60490000F48D33 /* UpNextViewController.swift */,
				8310483C1C710B9B003FB964 /* LoginViewController.swift */,
				833239B01C77F47700494388 /* FeedSearchTableViewController.swift */,
			);
			name = VC;
			sourceTree = "<group>";
		};
		83526AD81C5AF08300C43845 /* Models */ = {
			isa = PBXGroup;
			children = (
				83526AD91C5AF19B00C43845 /* Feed.swift */,
				83E345751C94ADAB009F25E6 /* User.swift */,
			);
			name = Models;
			sourceTree = "<group>";
		};
		83E3456A1C94A71D009F25E6 /* unnamedcastUnitTests */ = {
			isa = PBXGroup;
			children = (
				83E3456B1C94A71D009F25E6 /* unnamedcastUnitTests.swift */,
				83E345631C94A5FE009F25E6 /* feed1.json */,
				839680C81CACC1FC007A4D62 /* userfeeds1.json */,
				83E3456D1C94A71D009F25E6 /* Info.plist */,
			);
			path = unnamedcastUnitTests;
			sourceTree = "<group>";
		};
		83E7255F1C5AEF0D00A0E8D4 = {
			isa = PBXGroup;
			children = (
				83E7256A1C5AEF0D00A0E8D4 /* unnamedcast */,
				83E7257F1C5AEF0D00A0E8D4 /* unnamedcastTests */,
				83E7258A1C5AEF0D00A0E8D4 /* unnamedcastUITests */,
				83E3456A1C94A71D009F25E6 /* unnamedcastUnitTests */,
				83E725691C5AEF0D00A0E8D4 /* Products */,
				D80EFF9C61880F2E014F78E3 /* Pods */,
				CCAACF3A281A47F1104E9720 /* Frameworks */,
			);
			sourceTree = "<group>";
		};
		83E725691C5AEF0D00A0E8D4 /* Products */ = {
			isa = PBXGroup;
			children = (
				83E725681C5AEF0D00A0E8D4 /* unnamedcast.app */,
				83E7257C1C5AEF0D00A0E8D4 /* unnamedcastTests.xctest */,
				83E725871C5AEF0D00A0E8D4 /* unnamedcastUITests.xctest */,
				83E345691C94A71D009F25E6 /* unnamedcastUnitTests.xctest */,
			);
			name = Products;
			sourceTree = "<group>";
		};
		83E7256A1C5AEF0D00A0E8D4 /* unnamedcast */ = {
			isa = PBXGroup;
			children = (
				83526AD81C5AF08300C43845 /* Models */,
				8310483B1C710AE4003FB964 /* VC */,
				83E7256B1C5AEF0D00A0E8D4 /* AppDelegate.swift */,
				83E725721C5AEF0D00A0E8D4 /* Assets.xcassets */,
				830D997B1C5C4827003CC4BB /* FeedCollectionViewCell.swift */,
				83E725771C5AEF0D00A0E8D4 /* Info.plist */,
				83E725741C5AEF0D00A0E8D4 /* LaunchScreen.storyboard */,
				83E7256F1C5AEF0D00A0E8D4 /* Main.storyboard */,
				837857BF1C5C52400026959C /* Player.swift */,
				837857D21C5D93600026959C /* UIImageColors.swift */,
				833239B21C78E2DD00494388 /* APIEndpoint.swift */,
				833239B41C78EC7D00494388 /* Setting.swift */,
				83AFF8A91C8B7A8900E94AFE /* DataStore.swift */,
			);
			path = unnamedcast;
			sourceTree = "<group>";
		};
		83E7257F1C5AEF0D00A0E8D4 /* unnamedcastTests */ = {
			isa = PBXGroup;
			children = (
				83E725801C5AEF0D00A0E8D4 /* unnamedcastTests.swift */,
				83E725821C5AEF0D00A0E8D4 /* Info.plist */,
			);
			path = unnamedcastTests;
			sourceTree = "<group>";
		};
		83E7258A1C5AEF0D00A0E8D4 /* unnamedcastUITests */ = {
			isa = PBXGroup;
			children = (
				83E7258B1C5AEF0D00A0E8D4 /* unnamedcastUITests.swift */,
				83E7258D1C5AEF0D00A0E8D4 /* Info.plist */,
			);
			path = unnamedcastUITests;
			sourceTree = "<group>";
		};
		CCAACF3A281A47F1104E9720 /* Frameworks */ = {
			isa = PBXGroup;
			children = (
				83C85B961CACC9E3001FF216 /* Pods_unnamedcastTests.framework */,
				8349DA061C5DACE900C70153 /* MediaPlayer.framework */,
				837857C11C5C52660026959C /* AVFoundation.framework */,
				00EF784EDACA05671A2529E3 /* Pods_unnamedcast.framework */,
				B8C6C777846C849622EF9BD3 /* Pods_unnamedcastTests.framework */,
			);
			name = Frameworks;
			sourceTree = "<group>";
		};
		D80EFF9C61880F2E014F78E3 /* Pods */ = {
			isa = PBXGroup;
			children = (
				A16DC53B0CB56E75D93C84DF /* Pods-unnamedcast.debug.xcconfig */,
				FF6E63677FF8407689A0F7EC /* Pods-unnamedcast.release.xcconfig */,
				4FF47A83A048E006D3B2733D /* Pods-unnamedcastTests.debug.xcconfig */,
				D772C390607E3E7290BC6E12 /* Pods-unnamedcastTests.release.xcconfig */,
			);
			name = Pods;
			sourceTree = "<group>";
		};
/* End PBXGroup section */

/* Begin PBXNativeTarget section */
		83E345681C94A71D009F25E6 /* unnamedcastUnitTests */ = {
			isa = PBXNativeTarget;
			buildConfigurationList = 83E3456E1C94A71D009F25E6 /* Build configuration list for PBXNativeTarget "unnamedcastUnitTests" */;
			buildPhases = (
				83E345651C94A71D009F25E6 /* Sources */,
				83E345661C94A71D009F25E6 /* Frameworks */,
				83E345671C94A71D009F25E6 /* Resources */,
			);
			buildRules = (
			);
			dependencies = (
			);
			name = unnamedcastUnitTests;
			productName = unnamedcastUnitTests;
			productReference = 83E345691C94A71D009F25E6 /* unnamedcastUnitTests.xctest */;
			productType = "com.apple.product-type.bundle.unit-test";
		};
		83E725671C5AEF0D00A0E8D4 /* unnamedcast */ = {
			isa = PBXNativeTarget;
			buildConfigurationList = 83E725901C5AEF0D00A0E8D4 /* Build configuration list for PBXNativeTarget "unnamedcast" */;
			buildPhases = (
				902B3103D0D919BF5A40DCF9 /* Check Pods Manifest.lock */,
				83E725641C5AEF0D00A0E8D4 /* Sources */,
				83E725651C5AEF0D00A0E8D4 /* Frameworks */,
				83E725661C5AEF0D00A0E8D4 /* Resources */,
				9225C97D61B767DB994C4C85 /* Embed Pods Frameworks */,
				42F56997ABF49BCAB049AE09 /* Copy Pods Resources */,
			);
			buildRules = (
			);
			dependencies = (
			);
			name = unnamedcast;
			productName = unnamedcast;
			productReference = 83E725681C5AEF0D00A0E8D4 /* unnamedcast.app */;
			productType = "com.apple.product-type.application";
		};
		83E7257B1C5AEF0D00A0E8D4 /* unnamedcastTests */ = {
			isa = PBXNativeTarget;
			buildConfigurationList = 83E725931C5AEF0D00A0E8D4 /* Build configuration list for PBXNativeTarget "unnamedcastTests" */;
			buildPhases = (
				BB77F40F8FE83AE6AEB1CC48 /* Check Pods Manifest.lock */,
				83E725781C5AEF0D00A0E8D4 /* Sources */,
				83E725791C5AEF0D00A0E8D4 /* Frameworks */,
				83E7257A1C5AEF0D00A0E8D4 /* Resources */,
				81BE8876B5317263340B7ACC /* Embed Pods Frameworks */,
				BD5C5BE49111F4A4215089FE /* Copy Pods Resources */,
			);
			buildRules = (
			);
			dependencies = (
				83E7257E1C5AEF0D00A0E8D4 /* PBXTargetDependency */,
			);
			name = unnamedcastTests;
			productName = unnamedcastTests;
			productReference = 83E7257C1C5AEF0D00A0E8D4 /* unnamedcastTests.xctest */;
			productType = "com.apple.product-type.bundle.unit-test";
		};
		83E725861C5AEF0D00A0E8D4 /* unnamedcastUITests */ = {
			isa = PBXNativeTarget;
			buildConfigurationList = 83E725961C5AEF0D00A0E8D4 /* Build configuration list for PBXNativeTarget "unnamedcastUITests" */;
			buildPhases = (
				83E725831C5AEF0D00A0E8D4 /* Sources */,
				83E725841C5AEF0D00A0E8D4 /* Frameworks */,
				83E725851C5AEF0D00A0E8D4 /* Resources */,
			);
			buildRules = (
			);
			dependencies = (
				83E725891C5AEF0D00A0E8D4 /* PBXTargetDependency */,
			);
			name = unnamedcastUITests;
			productName = unnamedcastUITests;
			productReference = 83E725871C5AEF0D00A0E8D4 /* unnamedcastUITests.xctest */;
			productType = "com.apple.product-type.bundle.ui-testing";
		};
/* End PBXNativeTarget section */

/* Begin PBXProject section */
		83E725601C5AEF0D00A0E8D4 /* Project object */ = {
			isa = PBXProject;
			attributes = {
				LastSwiftUpdateCheck = 0720;
				LastUpgradeCheck = 0720;
				ORGANIZATIONNAME = "Christopher Lucas";
				TargetAttributes = {
					83E345681C94A71D009F25E6 = {
						CreatedOnToolsVersion = 7.2.1;
					};
					83E725671C5AEF0D00A0E8D4 = {
						CreatedOnToolsVersion = 7.2;
						DevelopmentTeam = 4HV5RKTAF4;
						SystemCapabilities = {
							com.apple.BackgroundModes = {
								enabled = 1;
							};
						};
					};
					83E7257B1C5AEF0D00A0E8D4 = {
						CreatedOnToolsVersion = 7.2;
						TestTargetID = 83E725671C5AEF0D00A0E8D4;
					};
					83E725861C5AEF0D00A0E8D4 = {
						CreatedOnToolsVersion = 7.2;
						TestTargetID = 83E725671C5AEF0D00A0E8D4;
					};
				};
			};
			buildConfigurationList = 83E725631C5AEF0D00A0E8D4 /* Build configuration list for PBXProject "unnamedcast" */;
			compatibilityVersion = "Xcode 3.2";
			developmentRegion = English;
			hasScannedForEncodings = 0;
			knownRegions = (
				en,
				Base,
			);
			mainGroup = 83E7255F1C5AEF0D00A0E8D4;
			productRefGroup = 83E725691C5AEF0D00A0E8D4 /* Products */;
			projectDirPath = "";
			projectRoot = "";
			targets = (
				83E725671C5AEF0D00A0E8D4 /* unnamedcast */,
				83E7257B1C5AEF0D00A0E8D4 /* unnamedcastTests */,
				83E725861C5AEF0D00A0E8D4 /* unnamedcastUITests */,
				83E345681C94A71D009F25E6 /* unnamedcastUnitTests */,
			);
		};
/* End PBXProject section */

/* Begin PBXResourcesBuildPhase section */
		83E345671C94A71D009F25E6 /* Resources */ = {
			isa = PBXResourcesBuildPhase;
			buildActionMask = 2147483647;
			files = (
				839680C91CACC1FC007A4D62 /* userfeeds1.json in Resources */,
				83C5145A1CACC931003FCBA4 /* feed1.json in Resources */,
			);
			runOnlyForDeploymentPostprocessing = 0;
		};
		83E725661C5AEF0D00A0E8D4 /* Resources */ = {
			isa = PBXResourcesBuildPhase;
			buildActionMask = 2147483647;
			files = (
				83E725761C5AEF0D00A0E8D4 /* LaunchScreen.storyboard in Resources */,
				83E725731C5AEF0D00A0E8D4 /* Assets.xcassets in Resources */,
				83E725711C5AEF0D00A0E8D4 /* Main.storyboard in Resources */,
			);
			runOnlyForDeploymentPostprocessing = 0;
		};
		83E7257A1C5AEF0D00A0E8D4 /* Resources */ = {
			isa = PBXResourcesBuildPhase;
			buildActionMask = 2147483647;
			files = (
				83E345641C94A5FE009F25E6 /* feed1.json in Resources */,
			);
			runOnlyForDeploymentPostprocessing = 0;
		};
		83E725851C5AEF0D00A0E8D4 /* Resources */ = {
			isa = PBXResourcesBuildPhase;
			buildActionMask = 2147483647;
			files = (
			);
			runOnlyForDeploymentPostprocessing = 0;
		};
/* End PBXResourcesBuildPhase section */

/* Begin PBXShellScriptBuildPhase section */
		42F56997ABF49BCAB049AE09 /* Copy Pods Resources */ = {
			isa = PBXShellScriptBuildPhase;
			buildActionMask = 2147483647;
			files = (
			);
			inputPaths = (
			);
			name = "Copy Pods Resources";
			outputPaths = (
			);
			runOnlyForDeploymentPostprocessing = 0;
			shellPath = /bin/sh;
			shellScript = "\"${SRCROOT}/Pods/Target Support Files/Pods-unnamedcast/Pods-unnamedcast-resources.sh\"\n";
			showEnvVarsInLog = 0;
		};
		81BE8876B5317263340B7ACC /* Embed Pods Frameworks */ = {
			isa = PBXShellScriptBuildPhase;
			buildActionMask = 2147483647;
			files = (
			);
			inputPaths = (
			);
			name = "Embed Pods Frameworks";
			outputPaths = (
			);
			runOnlyForDeploymentPostprocessing = 0;
			shellPath = /bin/sh;
			shellScript = "\"${SRCROOT}/Pods/Target Support Files/Pods-unnamedcastTests/Pods-unnamedcastTests-frameworks.sh\"\n";
			showEnvVarsInLog = 0;
		};
		902B3103D0D919BF5A40DCF9 /* Check Pods Manifest.lock */ = {
			isa = PBXShellScriptBuildPhase;
			buildActionMask = 2147483647;
			files = (
			);
			inputPaths = (
			);
			name = "Check Pods Manifest.lock";
			outputPaths = (
			);
			runOnlyForDeploymentPostprocessing = 0;
			shellPath = /bin/sh;
			shellScript = "diff \"${PODS_ROOT}/../Podfile.lock\" \"${PODS_ROOT}/Manifest.lock\" > /dev/null\nif [[ $? != 0 ]] ; then\n    cat << EOM\nerror: The sandbox is not in sync with the Podfile.lock. Run 'pod install' or update your CocoaPods installation.\nEOM\n    exit 1\nfi\n";
			showEnvVarsInLog = 0;
		};
		9225C97D61B767DB994C4C85 /* Embed Pods Frameworks */ = {
			isa = PBXShellScriptBuildPhase;
			buildActionMask = 2147483647;
			files = (
			);
			inputPaths = (
			);
			name = "Embed Pods Frameworks";
			outputPaths = (
			);
			runOnlyForDeploymentPostprocessing = 0;
			shellPath = /bin/sh;
			shellScript = "\"${SRCROOT}/Pods/Target Support Files/Pods-unnamedcast/Pods-unnamedcast-frameworks.sh\"\n";
			showEnvVarsInLog = 0;
		};
		BB77F40F8FE83AE6AEB1CC48 /* Check Pods Manifest.lock */ = {
			isa = PBXShellScriptBuildPhase;
			buildActionMask = 2147483647;
			files = (
			);
			inputPaths = (
			);
			name = "Check Pods Manifest.lock";
			outputPaths = (
			);
			runOnlyForDeploymentPostprocessing = 0;
			shellPath = /bin/sh;
			shellScript = "diff \"${PODS_ROOT}/../Podfile.lock\" \"${PODS_ROOT}/Manifest.lock\" > /dev/null\nif [[ $? != 0 ]] ; then\n    cat << EOM\nerror: The sandbox is not in sync with the Podfile.lock. Run 'pod install' or update your CocoaPods installation.\nEOM\n    exit 1\nfi\n";
			showEnvVarsInLog = 0;
		};
		BD5C5BE49111F4A4215089FE /* Copy Pods Resources */ = {
			isa = PBXShellScriptBuildPhase;
			buildActionMask = 2147483647;
			files = (
			);
			inputPaths = (
			);
			name = "Copy Pods Resources";
			outputPaths = (
			);
			runOnlyForDeploymentPostprocessing = 0;
			shellPath = /bin/sh;
			shellScript = "\"${SRCROOT}/Pods/Target Support Files/Pods-unnamedcastTests/Pods-unnamedcastTests-resources.sh\"\n";
			showEnvVarsInLog = 0;
		};
/* End PBXShellScriptBuildPhase section */

/* Begin PBXSourcesBuildPhase section */
		83E345651C94A71D009F25E6 /* Sources */ = {
			isa = PBXSourcesBuildPhase;
			buildActionMask = 2147483647;
			files = (
				839680C31CACBDBA007A4D62 /* Feed.swift in Sources */,
				839680C41CACBDBA007A4D62 /* User.swift in Sources */,
				839680C51CACBDBA007A4D62 /* APIEndpoint.swift in Sources */,
				839680C61CACBDBA007A4D62 /* Setting.swift in Sources */,
				839680C71CACBDBA007A4D62 /* DataStore.swift in Sources */,
				839680C21CACBC9A007A4D62 /* unnamedcastUnitTests.swift in Sources */,
			);
			runOnlyForDeploymentPostprocessing = 0;
		};
		83E725641C5AEF0D00A0E8D4 /* Sources */ = {
			isa = PBXSourcesBuildPhase;
			buildActionMask = 2147483647;
			files = (
				837857C61C5D629B0026959C /* PlayerViewController.swift in Sources */,
				83526ADA1C5AF19B00C43845 /* Feed.swift in Sources */,
				837857D31C5D93600026959C /* UIImageColors.swift in Sources */,
				83475AC71C60490000F48D33 /* UpNextViewController.swift in Sources */,
				83E345761C94ADAB009F25E6 /* User.swift in Sources */,
				830D997C1C5C4827003CC4BB /* FeedCollectionViewCell.swift in Sources */,
				833239B31C78E2DD00494388 /* APIEndpoint.swift in Sources */,
				833F1B111C5B01AE002CCB77 /* FeedViewController.swift in Sources */,
				837857C01C5C52400026959C /* Player.swift in Sources */,
				83475B2A1C62DB5000F48D33 /* AppContainerViewController.swift in Sources */,
				833239B51C78EC7D00494388 /* Setting.swift in Sources */,
				83E7256C1C5AEF0D00A0E8D4 /* AppDelegate.swift in Sources */,
				833F1B131C5B0A59002CCB77 /* SingleFeedViewController.swift in Sources */,
				8310483D1C710B9B003FB964 /* LoginViewController.swift in Sources */,
				83AFF8AA1C8B7A8900E94AFE /* DataStore.swift in Sources */,
				833239B11C77F47700494388 /* FeedSearchTableViewController.swift in Sources */,
			);
			runOnlyForDeploymentPostprocessing = 0;
		};
		83E725781C5AEF0D00A0E8D4 /* Sources */ = {
			isa = PBXSourcesBuildPhase;
			buildActionMask = 2147483647;
			files = (
				83E725811C5AEF0D00A0E8D4 /* unnamedcastTests.swift in Sources */,
			);
			runOnlyForDeploymentPostprocessing = 0;
		};
		83E725831C5AEF0D00A0E8D4 /* Sources */ = {
			isa = PBXSourcesBuildPhase;
			buildActionMask = 2147483647;
			files = (
				83E7258C1C5AEF0D00A0E8D4 /* unnamedcastUITests.swift in Sources */,
			);
			runOnlyForDeploymentPostprocessing = 0;
		};
/* End PBXSourcesBuildPhase section */

/* Begin PBXTargetDependency section */
		83E7257E1C5AEF0D00A0E8D4 /* PBXTargetDependency */ = {
			isa = PBXTargetDependency;
			target = 83E725671C5AEF0D00A0E8D4 /* unnamedcast */;
			targetProxy = 83E7257D1C5AEF0D00A0E8D4 /* PBXContainerItemProxy */;
		};
		83E725891C5AEF0D00A0E8D4 /* PBXTargetDependency */ = {
			isa = PBXTargetDependency;
			target = 83E725671C5AEF0D00A0E8D4 /* unnamedcast */;
			targetProxy = 83E725881C5AEF0D00A0E8D4 /* PBXContainerItemProxy */;
		};
/* End PBXTargetDependency section */

/* Begin PBXVariantGroup section */
		83E7256F1C5AEF0D00A0E8D4 /* Main.storyboard */ = {
			isa = PBXVariantGroup;
			children = (
				83E725701C5AEF0D00A0E8D4 /* Base */,
			);
			name = Main.storyboard;
			sourceTree = "<group>";
		};
		83E725741C5AEF0D00A0E8D4 /* LaunchScreen.storyboard */ = {
			isa = PBXVariantGroup;
			children = (
				83E725751C5AEF0D00A0E8D4 /* Base */,
			);
			name = LaunchScreen.storyboard;
			sourceTree = "<group>";
		};
/* End PBXVariantGroup section */

/* Begin XCBuildConfiguration section */
		83E3456F1C94A71D009F25E6 /* Debug */ = {
			isa = XCBuildConfiguration;
			buildSettings = {
				FRAMEWORK_SEARCH_PATHS = (
					"$(inherited)",
					"$(PROJECT_DIR)/build/Debug-iphoneos",
				);
				INFOPLIST_FILE = unnamedcastUnitTests/Info.plist;
				LD_RUNPATH_SEARCH_PATHS = "$(inherited) @executable_path/Frameworks @loader_path/Frameworks";
				PRODUCT_BUNDLE_IDENTIFIER = com.chrisjlucas.unnamedcastUnitTests;
				PRODUCT_NAME = "$(TARGET_NAME)";
			};
			name = Debug;
		};
		83E345701C94A71D009F25E6 /* Release */ = {
			isa = XCBuildConfiguration;
			buildSettings = {
				FRAMEWORK_SEARCH_PATHS = (
					"$(inherited)",
					"$(PROJECT_DIR)/build/Debug-iphoneos",
				);
				INFOPLIST_FILE = unnamedcastUnitTests/Info.plist;
				LD_RUNPATH_SEARCH_PATHS = "$(inherited) @executable_path/Frameworks @loader_path/Frameworks";
				PRODUCT_BUNDLE_IDENTIFIER = com.chrisjlucas.unnamedcastUnitTests;
				PRODUCT_NAME = "$(TARGET_NAME)";
			};
			name = Release;
		};
		83E7258E1C5AEF0D00A0E8D4 /* Debug */ = {
			isa = XCBuildConfiguration;
			buildSettings = {
				ALWAYS_SEARCH_USER_PATHS = NO;
				CLANG_CXX_LANGUAGE_STANDARD = "gnu++0x";
				CLANG_CXX_LIBRARY = "libc++";
				CLANG_ENABLE_MODULES = YES;
				CLANG_ENABLE_OBJC_ARC = YES;
				CLANG_WARN_BOOL_CONVERSION = YES;
				CLANG_WARN_CONSTANT_CONVERSION = YES;
				CLANG_WARN_DIRECT_OBJC_ISA_USAGE = YES_ERROR;
				CLANG_WARN_EMPTY_BODY = YES;
				CLANG_WARN_ENUM_CONVERSION = YES;
				CLANG_WARN_INT_CONVERSION = YES;
				CLANG_WARN_OBJC_ROOT_CLASS = YES_ERROR;
				CLANG_WARN_UNREACHABLE_CODE = YES;
				CLANG_WARN__DUPLICATE_METHOD_MATCH = YES;
				"CODE_SIGN_IDENTITY[sdk=iphoneos*]" = "iPhone Developer";
				COPY_PHASE_STRIP = NO;
				DEBUG_INFORMATION_FORMAT = dwarf;
				ENABLE_STRICT_OBJC_MSGSEND = YES;
				ENABLE_TESTABILITY = YES;
				GCC_C_LANGUAGE_STANDARD = gnu99;
				GCC_DYNAMIC_NO_PIC = NO;
				GCC_NO_COMMON_BLOCKS = YES;
				GCC_OPTIMIZATION_LEVEL = 0;
				GCC_PREPROCESSOR_DEFINITIONS = (
					"DEBUG=1",
					"$(inherited)",
				);
				GCC_WARN_64_TO_32_BIT_CONVERSION = YES;
				GCC_WARN_ABOUT_RETURN_TYPE = YES_ERROR;
				GCC_WARN_UNDECLARED_SELECTOR = YES;
				GCC_WARN_UNINITIALIZED_AUTOS = YES_AGGRESSIVE;
				GCC_WARN_UNUSED_FUNCTION = YES;
				GCC_WARN_UNUSED_VARIABLE = YES;
				IPHONEOS_DEPLOYMENT_TARGET = 9.2;
				MTL_ENABLE_DEBUG_INFO = YES;
				ONLY_ACTIVE_ARCH = YES;
				SDKROOT = iphoneos;
				SWIFT_OPTIMIZATION_LEVEL = "-Onone";
				TARGETED_DEVICE_FAMILY = "1,2";
			};
			name = Debug;
		};
		83E7258F1C5AEF0D00A0E8D4 /* Release */ = {
			isa = XCBuildConfiguration;
			buildSettings = {
				ALWAYS_SEARCH_USER_PATHS = NO;
				CLANG_CXX_LANGUAGE_STANDARD = "gnu++0x";
				CLANG_CXX_LIBRARY = "libc++";
				CLANG_ENABLE_MODULES = YES;
				CLANG_ENABLE_OBJC_ARC = YES;
				CLANG_WARN_BOOL_CONVERSION = YES;
				CLANG_WARN_CONSTANT_CONVERSION = YES;
				CLANG_WARN_DIRECT_OBJC_ISA_USAGE = YES_ERROR;
				CLANG_WARN_EMPTY_BODY = YES;
				CLANG_WARN_ENUM_CONVERSION = YES;
				CLANG_WARN_INT_CONVERSION = YES;
				CLANG_WARN_OBJC_ROOT_CLASS = YES_ERROR;
				CLANG_WARN_UNREACHABLE_CODE = YES;
				CLANG_WARN__DUPLICATE_METHOD_MATCH = YES;
				"CODE_SIGN_IDENTITY[sdk=iphoneos*]" = "iPhone Developer";
				COPY_PHASE_STRIP = NO;
				DEBUG_INFORMATION_FORMAT = "dwarf-with-dsym";
				ENABLE_NS_ASSERTIONS = NO;
				ENABLE_STRICT_OBJC_MSGSEND = YES;
				GCC_C_LANGUAGE_STANDARD = gnu99;
				GCC_NO_COMMON_BLOCKS = YES;
				GCC_WARN_64_TO_32_BIT_CONVERSION = YES;
				GCC_WARN_ABOUT_RETURN_TYPE = YES_ERROR;
				GCC_WARN_UNDECLARED_SELECTOR = YES;
				GCC_WARN_UNINITIALIZED_AUTOS = YES_AGGRESSIVE;
				GCC_WARN_UNUSED_FUNCTION = YES;
				GCC_WARN_UNUSED_VARIABLE = YES;
				IPHONEOS_DEPLOYMENT_TARGET = 9.2;
				MTL_ENABLE_DEBUG_INFO = NO;
				SDKROOT = iphoneos;
				TARGETED_DEVICE_FAMILY = "1,2";
				VALIDATE_PRODUCT = YES;
			};
			name = Release;
		};
		83E725911C5AEF0D00A0E8D4 /* Debug */ = {
			isa = XCBuildConfiguration;
			baseConfigurationReference = A16DC53B0CB56E75D93C84DF /* Pods-unnamedcast.debug.xcconfig */;
			buildSettings = {
				ASSETCATALOG_COMPILER_APPICON_NAME = AppIcon;
				CODE_SIGN_IDENTITY = "iPhone Developer";
				"CODE_SIGN_IDENTITY[sdk=iphoneos*]" = "iPhone Developer";
				INFOPLIST_FILE = unnamedcast/Info.plist;
				IPHONEOS_DEPLOYMENT_TARGET = 9.2;
				LD_RUNPATH_SEARCH_PATHS = "$(inherited) @executable_path/Frameworks";
				PRODUCT_BUNDLE_IDENTIFIER = com.chrisjlucas.unnamedcast;
				PRODUCT_NAME = "$(TARGET_NAME)";
				PROVISIONING_PROFILE = "";
			};
			name = Debug;
		};
		83E725921C5AEF0D00A0E8D4 /* Release */ = {
			isa = XCBuildConfiguration;
			baseConfigurationReference = FF6E63677FF8407689A0F7EC /* Pods-unnamedcast.release.xcconfig */;
			buildSettings = {
				ASSETCATALOG_COMPILER_APPICON_NAME = AppIcon;
				CODE_SIGN_IDENTITY = "iPhone Developer";
				"CODE_SIGN_IDENTITY[sdk=iphoneos*]" = "iPhone Developer";
				INFOPLIST_FILE = unnamedcast/Info.plist;
				IPHONEOS_DEPLOYMENT_TARGET = 9.2;
				LD_RUNPATH_SEARCH_PATHS = "$(inherited) @executable_path/Frameworks";
				PRODUCT_BUNDLE_IDENTIFIER = com.chrisjlucas.unnamedcast;
				PRODUCT_NAME = "$(TARGET_NAME)";
				PROVISIONING_PROFILE = "";
			};
			name = Release;
		};
		83E725941C5AEF0D00A0E8D4 /* Debug */ = {
			isa = XCBuildConfiguration;
			baseConfigurationReference = 4FF47A83A048E006D3B2733D /* Pods-unnamedcastTests.debug.xcconfig */;
			buildSettings = {
				BUNDLE_LOADER = "$(TEST_HOST)";
				INFOPLIST_FILE = unnamedcastTests/Info.plist;
				LD_RUNPATH_SEARCH_PATHS = "$(inherited) @executable_path/Frameworks @loader_path/Frameworks";
				PRODUCT_BUNDLE_IDENTIFIER = com.chrisjlucas.unnamedcastTests;
				PRODUCT_NAME = "$(TARGET_NAME)";
				TEST_HOST = "$(BUILT_PRODUCTS_DIR)/unnamedcast.app/unnamedcast";
			};
			name = Debug;
		};
		83E725951C5AEF0D00A0E8D4 /* Release */ = {
			isa = XCBuildConfiguration;
			baseConfigurationReference = D772C390607E3E7290BC6E12 /* Pods-unnamedcastTests.release.xcconfig */;
			buildSettings = {
				BUNDLE_LOADER = "$(TEST_HOST)";
				INFOPLIST_FILE = unnamedcastTests/Info.plist;
				LD_RUNPATH_SEARCH_PATHS = "$(inherited) @executable_path/Frameworks @loader_path/Frameworks";
				PRODUCT_BUNDLE_IDENTIFIER = com.chrisjlucas.unnamedcastTests;
				PRODUCT_NAME = "$(TARGET_NAME)";
				TEST_HOST = "$(BUILT_PRODUCTS_DIR)/unnamedcast.app/unnamedcast";
			};
			name = Release;
		};
		83E725971C5AEF0D00A0E8D4 /* Debug */ = {
			isa = XCBuildConfiguration;
			buildSettings = {
				INFOPLIST_FILE = unnamedcastUITests/Info.plist;
				LD_RUNPATH_SEARCH_PATHS = "$(inherited) @executable_path/Frameworks @loader_path/Frameworks";
				PRODUCT_BUNDLE_IDENTIFIER = com.chrisjlucas.unnamedcastUITests;
				PRODUCT_NAME = "$(TARGET_NAME)";
				TEST_TARGET_NAME = unnamedcast;
				USES_XCTRUNNER = YES;
			};
			name = Debug;
		};
		83E725981C5AEF0D00A0E8D4 /* Release */ = {
			isa = XCBuildConfiguration;
			buildSettings = {
				INFOPLIST_FILE = unnamedcastUITests/Info.plist;
				LD_RUNPATH_SEARCH_PATHS = "$(inherited) @executable_path/Frameworks @loader_path/Frameworks";
				PRODUCT_BUNDLE_IDENTIFIER = com.chrisjlucas.unnamedcastUITests;
				PRODUCT_NAME = "$(TARGET_NAME)";
				TEST_TARGET_NAME = unnamedcast;
				USES_XCTRUNNER = YES;
			};
			name = Release;
		};
/* End XCBuildConfiguration section */

/* Begin XCConfigurationList section */
		83E3456E1C94A71D009F25E6 /* Build configuration list for PBXNativeTarget "unnamedcastUnitTests" */ = {
			isa = XCConfigurationList;
			buildConfigurations = (
				83E3456F1C94A71D009F25E6 /* Debug */,
				83E345701C94A71D009F25E6 /* Release */,
			);
			defaultConfigurationIsVisible = 0;
			defaultConfigurationName = Release;
		};
		83E725631C5AEF0D00A0E8D4 /* Build configuration list for PBXProject "unnamedcast" */ = {
			isa = XCConfigurationList;
			buildConfigurations = (
				83E7258E1C5AEF0D00A0E8D4 /* Debug */,
				83E7258F1C5AEF0D00A0E8D4 /* Release */,
			);
			defaultConfigurationIsVisible = 0;
			defaultConfigurationName = Release;
		};
		83E725901C5AEF0D00A0E8D4 /* Build configuration list for PBXNativeTarget "unnamedcast" */ = {
			isa = XCConfigurationList;
			buildConfigurations = (
				83E725911C5AEF0D00A0E8D4 /* Debug */,
				83E725921C5AEF0D00A0E8D4 /* Release */,
			);
			defaultConfigurationIsVisible = 0;
			defaultConfigurationName = Release;
		};
		83E725931C5AEF0D00A0E8D4 /* Build configuration list for PBXNativeTarget "unnamedcastTests" */ = {
			isa = XCConfigurationList;
			buildConfigurations = (
				83E725941C5AEF0D00A0E8D4 /* Debug */,
				83E725951C5AEF0D00A0E8D4 /* Release */,
			);
			defaultConfigurationIsVisible = 0;
			defaultConfigurationName = Release;
		};
		83E725961C5AEF0D00A0E8D4 /* Build configuration list for PBXNativeTarget "unnamedcastUITests" */ = {
			isa = XCConfigurationList;
			buildConfigurations = (
				83E725971C5AEF0D00A0E8D4 /* Debug */,
				83E725981C5AEF0D00A0E8D4 /* Release */,
			);
			defaultConfigurationIsVisible = 0;
			defaultConfigurationName = Release;
		};
/* End XCConfigurationList section */
	};
	rootObject = 83E725601C5AEF0D00A0E8D4 /* Project object */;
}
