// !$*UTF8*$!
{
	archiveVersion = 1;
	classes = {
	};
	objectVersion = 46;
	objects = {

/* Begin PBXBuildFile section */
		053543FB5FDCD5996706ED64 /* Pods_unnamedcastUnitTests.framework in Frameworks */ = {isa = PBXBuildFile; fileRef = BB0BADE712D69F5FCE533444 /* Pods_unnamedcastUnitTests.framework */; };
		0E931C7B04C5898D91D019B0 /* Pods_unnamedcastTests.framework in Frameworks */ = {isa = PBXBuildFile; fileRef = A15BB44BBD0A4E0CB5173476 /* Pods_unnamedcastTests.framework */; };
		1ECB3731CD755B0E1412EC5F /* Pods_unnamedcastUITests.framework in Frameworks */ = {isa = PBXBuildFile; fileRef = B66936AF81E186173C6079E3 /* Pods_unnamedcastUITests.framework */; };
		5EE21D16409B0B09428BF37D /* Pods_unnamedcast.framework in Frameworks */ = {isa = PBXBuildFile; fileRef = 28F89372106F0B6A68F064B7 /* Pods_unnamedcast.framework */; };
		830130431CE42AC600E583DF /* SearchResult.swift in Sources */ = {isa = PBXBuildFile; fileRef = 830130421CE42AC600E583DF /* SearchResult.swift */; };
		830130441CE42AC600E583DF /* SearchResult.swift in Sources */ = {isa = PBXBuildFile; fileRef = 830130421CE42AC600E583DF /* SearchResult.swift */; };
		830130451CE42AC600E583DF /* SearchResult.swift in Sources */ = {isa = PBXBuildFile; fileRef = 830130421CE42AC600E583DF /* SearchResult.swift */; };
		830130461CE42AC600E583DF /* SearchResult.swift in Sources */ = {isa = PBXBuildFile; fileRef = 830130421CE42AC600E583DF /* SearchResult.swift */; };
		830130481CE56BCC00E583DF /* APIClient.swift in Sources */ = {isa = PBXBuildFile; fileRef = 830130471CE56BCC00E583DF /* APIClient.swift */; };
		830130491CE56BCC00E583DF /* APIClient.swift in Sources */ = {isa = PBXBuildFile; fileRef = 830130471CE56BCC00E583DF /* APIClient.swift */; };
		8301304A1CE56BCC00E583DF /* APIClient.swift in Sources */ = {isa = PBXBuildFile; fileRef = 830130471CE56BCC00E583DF /* APIClient.swift */; };
		8301304B1CE56BCC00E583DF /* APIClient.swift in Sources */ = {isa = PBXBuildFile; fileRef = 830130471CE56BCC00E583DF /* APIClient.swift */; };
		8302FB2B1D087AFE0098283F /* NowPlayingInfoPlayerEventHandler.swift in Sources */ = {isa = PBXBuildFile; fileRef = 8302FB2A1D087AFE0098283F /* NowPlayingInfoPlayerEventHandler.swift */; };
		8302FB2C1D087AFE0098283F /* NowPlayingInfoPlayerEventHandler.swift in Sources */ = {isa = PBXBuildFile; fileRef = 8302FB2A1D087AFE0098283F /* NowPlayingInfoPlayerEventHandler.swift */; };
		8302FB2D1D087AFE0098283F /* NowPlayingInfoPlayerEventHandler.swift in Sources */ = {isa = PBXBuildFile; fileRef = 8302FB2A1D087AFE0098283F /* NowPlayingInfoPlayerEventHandler.swift */; };
		8302FB2E1D087AFE0098283F /* NowPlayingInfoPlayerEventHandler.swift in Sources */ = {isa = PBXBuildFile; fileRef = 8302FB2A1D087AFE0098283F /* NowPlayingInfoPlayerEventHandler.swift */; };
		8309D5CE1CFA68BA0062CDD1 /* DBTests.swift in Sources */ = {isa = PBXBuildFile; fileRef = 8309D5CD1CFA68BA0062CDD1 /* DBTests.swift */; };
		8310483D1C710B9B003FB964 /* LoginViewController.swift in Sources */ = {isa = PBXBuildFile; fileRef = 8310483C1C710B9B003FB964 /* LoginViewController.swift */; };
		833239B11C77F47700494388 /* FeedSearchTableViewController.swift in Sources */ = {isa = PBXBuildFile; fileRef = 833239B01C77F47700494388 /* FeedSearchTableViewController.swift */; };
		833239B31C78E2DD00494388 /* Endpoint.swift in Sources */ = {isa = PBXBuildFile; fileRef = 833239B21C78E2DD00494388 /* Endpoint.swift */; };
		833342F81D07BC6D00ABEA39 /* DBPlayerMediator.swift in Sources */ = {isa = PBXBuildFile; fileRef = 833342F71D07BC6D00ABEA39 /* DBPlayerMediator.swift */; };
		833342F91D07BC6D00ABEA39 /* DBPlayerMediator.swift in Sources */ = {isa = PBXBuildFile; fileRef = 833342F71D07BC6D00ABEA39 /* DBPlayerMediator.swift */; };
		833342FA1D07BC6D00ABEA39 /* DBPlayerMediator.swift in Sources */ = {isa = PBXBuildFile; fileRef = 833342F71D07BC6D00ABEA39 /* DBPlayerMediator.swift */; };
		833342FB1D07BC6D00ABEA39 /* DBPlayerMediator.swift in Sources */ = {isa = PBXBuildFile; fileRef = 833342F71D07BC6D00ABEA39 /* DBPlayerMediator.swift */; };
		833342FC1D07C82500ABEA39 /* PlayerController.swift in Sources */ = {isa = PBXBuildFile; fileRef = 8365940B1D065A9400DCB8EE /* PlayerController.swift */; };
		833342FD1D07C83900ABEA39 /* UIImage.swift in Sources */ = {isa = PBXBuildFile; fileRef = 837857D21C5D93600026959C /* UIImage.swift */; };
		833342FE1D07C83900ABEA39 /* PlayerView.swift in Sources */ = {isa = PBXBuildFile; fileRef = 839680BC1CA74A4F007A4D62 /* PlayerView.swift */; };
		833342FF1D07C83900ABEA39 /* AppContainerViewController.swift in Sources */ = {isa = PBXBuildFile; fileRef = 83475B291C62DB5000F48D33 /* AppContainerViewController.swift */; };
		833343011D07C83900ABEA39 /* PlayerViewController.swift in Sources */ = {isa = PBXBuildFile; fileRef = 837857C51C5D629B0026959C /* PlayerViewController.swift */; };
		833343021D07C83900ABEA39 /* SingleFeedViewController.swift in Sources */ = {isa = PBXBuildFile; fileRef = 833F1B121C5B0A59002CCB77 /* SingleFeedViewController.swift */; };
		833343031D07C83900ABEA39 /* LoginViewController.swift in Sources */ = {isa = PBXBuildFile; fileRef = 8310483C1C710B9B003FB964 /* LoginViewController.swift */; };
		833343041D07C83900ABEA39 /* FeedSearchTableViewController.swift in Sources */ = {isa = PBXBuildFile; fileRef = 833239B01C77F47700494388 /* FeedSearchTableViewController.swift */; };
		833F1B131C5B0A59002CCB77 /* SingleFeedViewController.swift in Sources */ = {isa = PBXBuildFile; fileRef = 833F1B121C5B0A59002CCB77 /* SingleFeedViewController.swift */; };
		83475B2A1C62DB5000F48D33 /* AppContainerViewController.swift in Sources */ = {isa = PBXBuildFile; fileRef = 83475B291C62DB5000F48D33 /* AppContainerViewController.swift */; };
		8349DA071C5DACE900C70153 /* MediaPlayer.framework in Frameworks */ = {isa = PBXBuildFile; fileRef = 8349DA061C5DACE900C70153 /* MediaPlayer.framework */; };
		835177231CE6B0B500064843 /* AppDelegate.swift in Sources */ = {isa = PBXBuildFile; fileRef = 83E7256B1C5AEF0D00A0E8D4 /* AppDelegate.swift */; };
		835177241CE6B0E200064843 /* PlayerService.swift in Sources */ = {isa = PBXBuildFile; fileRef = 837857BF1C5C52400026959C /* PlayerService.swift */; };
		83526ADA1C5AF19B00C43845 /* Feed.swift in Sources */ = {isa = PBXBuildFile; fileRef = 83526AD91C5AF19B00C43845 /* Feed.swift */; };
		835793A71CDFF9A0003F09FA /* DB.swift in Sources */ = {isa = PBXBuildFile; fileRef = 835793A61CDFF9A0003F09FA /* DB.swift */; };
		835793A81CE00E79003F09FA /* DB.swift in Sources */ = {isa = PBXBuildFile; fileRef = 835793A61CDFF9A0003F09FA /* DB.swift */; };
		8364FAF91CE1A64B004576F7 /* Request.swift in Sources */ = {isa = PBXBuildFile; fileRef = 8364FAF81CE1A64B004576F7 /* Request.swift */; };
		8364FAFA1CE1AF47004576F7 /* Request.swift in Sources */ = {isa = PBXBuildFile; fileRef = 8364FAF81CE1A64B004576F7 /* Request.swift */; };
		8364FB001CE41B36004576F7 /* Array.swift in Sources */ = {isa = PBXBuildFile; fileRef = 8364FAFF1CE41B36004576F7 /* Array.swift */; };
		8364FB011CE41B36004576F7 /* Array.swift in Sources */ = {isa = PBXBuildFile; fileRef = 8364FAFF1CE41B36004576F7 /* Array.swift */; };
		8364FB021CE41B36004576F7 /* Array.swift in Sources */ = {isa = PBXBuildFile; fileRef = 8364FAFF1CE41B36004576F7 /* Array.swift */; };
		8364FB031CE41B36004576F7 /* Array.swift in Sources */ = {isa = PBXBuildFile; fileRef = 8364FAFF1CE41B36004576F7 /* Array.swift */; };
		8365940C1D065A9500DCB8EE /* PlayerController.swift in Sources */ = {isa = PBXBuildFile; fileRef = 8365940B1D065A9400DCB8EE /* PlayerController.swift */; };
		836594141D065B2500DCB8EE /* Playlist.swift in Sources */ = {isa = PBXBuildFile; fileRef = 836594131D065B2500DCB8EE /* Playlist.swift */; };
		836594151D065B2500DCB8EE /* Playlist.swift in Sources */ = {isa = PBXBuildFile; fileRef = 836594131D065B2500DCB8EE /* Playlist.swift */; };
		836594161D065B2500DCB8EE /* Playlist.swift in Sources */ = {isa = PBXBuildFile; fileRef = 836594131D065B2500DCB8EE /* Playlist.swift */; };
		836594171D065B2500DCB8EE /* Playlist.swift in Sources */ = {isa = PBXBuildFile; fileRef = 836594131D065B2500DCB8EE /* Playlist.swift */; };
		836594191D065B5600DCB8EE /* PlayerItem.swift in Sources */ = {isa = PBXBuildFile; fileRef = 836594181D065B5600DCB8EE /* PlayerItem.swift */; };
		8365941A1D065B5600DCB8EE /* PlayerItem.swift in Sources */ = {isa = PBXBuildFile; fileRef = 836594181D065B5600DCB8EE /* PlayerItem.swift */; };
		8365941B1D065B5600DCB8EE /* PlayerItem.swift in Sources */ = {isa = PBXBuildFile; fileRef = 836594181D065B5600DCB8EE /* PlayerItem.swift */; };
		8365941C1D065B5600DCB8EE /* PlayerItem.swift in Sources */ = {isa = PBXBuildFile; fileRef = 836594181D065B5600DCB8EE /* PlayerItem.swift */; };
		836594231D065DD000DCB8EE /* ProgressView.swift in Sources */ = {isa = PBXBuildFile; fileRef = 836594221D065DD000DCB8EE /* ProgressView.swift */; };
		836594241D065DD000DCB8EE /* ProgressView.swift in Sources */ = {isa = PBXBuildFile; fileRef = 836594221D065DD000DCB8EE /* ProgressView.swift */; };
		836594251D065DD000DCB8EE /* ProgressView.swift in Sources */ = {isa = PBXBuildFile; fileRef = 836594221D065DD000DCB8EE /* ProgressView.swift */; };
		836594261D065DD000DCB8EE /* ProgressView.swift in Sources */ = {isa = PBXBuildFile; fileRef = 836594221D065DD000DCB8EE /* ProgressView.swift */; };
		836594281D06681300DCB8EE /* MiniPlayerViewController.swift in Sources */ = {isa = PBXBuildFile; fileRef = 836594271D06681300DCB8EE /* MiniPlayerViewController.swift */; };
		836594291D06681300DCB8EE /* MiniPlayerViewController.swift in Sources */ = {isa = PBXBuildFile; fileRef = 836594271D06681300DCB8EE /* MiniPlayerViewController.swift */; };
		8365942A1D06681300DCB8EE /* MiniPlayerViewController.swift in Sources */ = {isa = PBXBuildFile; fileRef = 836594271D06681300DCB8EE /* MiniPlayerViewController.swift */; };
		8365942B1D06681300DCB8EE /* MiniPlayerViewController.swift in Sources */ = {isa = PBXBuildFile; fileRef = 836594271D06681300DCB8EE /* MiniPlayerViewController.swift */; };
		8377B5131CE64C8000B32588 /* ApplicationDelegateReachable.swift in Sources */ = {isa = PBXBuildFile; fileRef = 8377B5121CE64C8000B32588 /* ApplicationDelegateReachable.swift */; };
		8377B5141CE64C8000B32588 /* ApplicationDelegateReachable.swift in Sources */ = {isa = PBXBuildFile; fileRef = 8377B5121CE64C8000B32588 /* ApplicationDelegateReachable.swift */; };
		8377B5151CE64C8000B32588 /* ApplicationDelegateReachable.swift in Sources */ = {isa = PBXBuildFile; fileRef = 8377B5121CE64C8000B32588 /* ApplicationDelegateReachable.swift */; };
		8377B5161CE64C8000B32588 /* ApplicationDelegateReachable.swift in Sources */ = {isa = PBXBuildFile; fileRef = 8377B5121CE64C8000B32588 /* ApplicationDelegateReachable.swift */; };
		837857C01C5C52400026959C /* PlayerService.swift in Sources */ = {isa = PBXBuildFile; fileRef = 837857BF1C5C52400026959C /* PlayerService.swift */; };
		837857C21C5C52660026959C /* AVFoundation.framework in Frameworks */ = {isa = PBXBuildFile; fileRef = 837857C11C5C52660026959C /* AVFoundation.framework */; };
		837857C61C5D629B0026959C /* PlayerViewController.swift in Sources */ = {isa = PBXBuildFile; fileRef = 837857C51C5D629B0026959C /* PlayerViewController.swift */; };
		837857D31C5D93600026959C /* UIImage.swift in Sources */ = {isa = PBXBuildFile; fileRef = 837857D21C5D93600026959C /* UIImage.swift */; };
		839680BD1CA74A4F007A4D62 /* PlayerView.swift in Sources */ = {isa = PBXBuildFile; fileRef = 839680BC1CA74A4F007A4D62 /* PlayerView.swift */; };
		839680C21CACBC9A007A4D62 /* unnamedcastUnitTests.swift in Sources */ = {isa = PBXBuildFile; fileRef = 83E3456B1C94A71D009F25E6 /* unnamedcastUnitTests.swift */; };
		839680C31CACBDBA007A4D62 /* Feed.swift in Sources */ = {isa = PBXBuildFile; fileRef = 83526AD91C5AF19B00C43845 /* Feed.swift */; };
		839680C41CACBDBA007A4D62 /* User.swift in Sources */ = {isa = PBXBuildFile; fileRef = 83E345751C94ADAB009F25E6 /* User.swift */; };
		839680C51CACBDBA007A4D62 /* Endpoint.swift in Sources */ = {isa = PBXBuildFile; fileRef = 833239B21C78E2DD00494388 /* Endpoint.swift */; };
		839680C71CACBDBA007A4D62 /* SyncEngine.swift in Sources */ = {isa = PBXBuildFile; fileRef = 83AFF8A91C8B7A8900E94AFE /* SyncEngine.swift */; };
		83AC3EAE1CEFEC93000F00F4 /* NSDate.swift in Sources */ = {isa = PBXBuildFile; fileRef = 83AC3EAD1CEFEC93000F00F4 /* NSDate.swift */; };
		83AC3EAF1CEFEC93000F00F4 /* NSDate.swift in Sources */ = {isa = PBXBuildFile; fileRef = 83AC3EAD1CEFEC93000F00F4 /* NSDate.swift */; };
		83AC3EB01CEFEC93000F00F4 /* NSDate.swift in Sources */ = {isa = PBXBuildFile; fileRef = 83AC3EAD1CEFEC93000F00F4 /* NSDate.swift */; };
		83AC3EB11CEFEC93000F00F4 /* NSDate.swift in Sources */ = {isa = PBXBuildFile; fileRef = 83AC3EAD1CEFEC93000F00F4 /* NSDate.swift */; };
		83AFF8AA1C8B7A8900E94AFE /* SyncEngine.swift in Sources */ = {isa = PBXBuildFile; fileRef = 83AFF8A91C8B7A8900E94AFE /* SyncEngine.swift */; };
		83C5145A1CACC931003FCBA4 /* feed1.json in Resources */ = {isa = PBXBuildFile; fileRef = 83E345631C94A5FE009F25E6 /* feed1.json */; };
		83D1FC041D879F6F0064E504 /* PlaylistTableViewController.swift in Sources */ = {isa = PBXBuildFile; fileRef = 83D1FC031D879F6F0064E504 /* PlaylistTableViewController.swift */; };
		83D1FC061D87A5CB0064E504 /* HomeViewController.swift in Sources */ = {isa = PBXBuildFile; fileRef = 83D1FC051D87A5CB0064E504 /* HomeViewController.swift */; };
		83DF9A561D7B53A7008847A4 /* FeedTableViewController.swift in Sources */ = {isa = PBXBuildFile; fileRef = 83DF9A551D7B53A7008847A4 /* FeedTableViewController.swift */; };
		83E345641C94A5FE009F25E6 /* feed1.json in Resources */ = {isa = PBXBuildFile; fileRef = 83E345631C94A5FE009F25E6 /* feed1.json */; };
		83E345761C94ADAB009F25E6 /* User.swift in Sources */ = {isa = PBXBuildFile; fileRef = 83E345751C94ADAB009F25E6 /* User.swift */; };
		83E7256C1C5AEF0D00A0E8D4 /* AppDelegate.swift in Sources */ = {isa = PBXBuildFile; fileRef = 83E7256B1C5AEF0D00A0E8D4 /* AppDelegate.swift */; };
		83E725711C5AEF0D00A0E8D4 /* Main.storyboard in Resources */ = {isa = PBXBuildFile; fileRef = 83E7256F1C5AEF0D00A0E8D4 /* Main.storyboard */; };
		83E725731C5AEF0D00A0E8D4 /* Assets.xcassets in Resources */ = {isa = PBXBuildFile; fileRef = 83E725721C5AEF0D00A0E8D4 /* Assets.xcassets */; };
		83E725761C5AEF0D00A0E8D4 /* LaunchScreen.storyboard in Resources */ = {isa = PBXBuildFile; fileRef = 83E725741C5AEF0D00A0E8D4 /* LaunchScreen.storyboard */; };
		83E725811C5AEF0D00A0E8D4 /* unnamedcastTests.swift in Sources */ = {isa = PBXBuildFile; fileRef = 83E725801C5AEF0D00A0E8D4 /* unnamedcastTests.swift */; };
		83E7258C1C5AEF0D00A0E8D4 /* unnamedcastUITests.swift in Sources */ = {isa = PBXBuildFile; fileRef = 83E7258B1C5AEF0D00A0E8D4 /* unnamedcastUITests.swift */; };
/* End PBXBuildFile section */

/* Begin PBXContainerItemProxy section */
		83E7257D1C5AEF0D00A0E8D4 /* PBXContainerItemProxy */ = {
			isa = PBXContainerItemProxy;
			containerPortal = 83E725601C5AEF0D00A0E8D4 /* Project object */;
			proxyType = 1;
			remoteGlobalIDString = 83E725671C5AEF0D00A0E8D4;
			remoteInfo = unnamedcast;
		};
		83E725881C5AEF0D00A0E8D4 /* PBXContainerItemProxy */ = {
			isa = PBXContainerItemProxy;
			containerPortal = 83E725601C5AEF0D00A0E8D4 /* Project object */;
			proxyType = 1;
			remoteGlobalIDString = 83E725671C5AEF0D00A0E8D4;
			remoteInfo = unnamedcast;
		};
/* End PBXContainerItemProxy section */

/* Begin PBXFileReference section */
		28F89372106F0B6A68F064B7 /* Pods_unnamedcast.framework */ = {isa = PBXFileReference; explicitFileType = wrapper.framework; includeInIndex = 0; path = Pods_unnamedcast.framework; sourceTree = BUILT_PRODUCTS_DIR; };
		36220392FD0ED3B492C36B69 /* Pods-unnamedcast.release.xcconfig */ = {isa = PBXFileReference; includeInIndex = 1; lastKnownFileType = text.xcconfig; name = "Pods-unnamedcast.release.xcconfig"; path = "Pods/Target Support Files/Pods-unnamedcast/Pods-unnamedcast.release.xcconfig"; sourceTree = "<group>"; };
		37CFD606BB6E00CC8E1F9235 /* Pods-unnamedcastUITests.debug.xcconfig */ = {isa = PBXFileReference; includeInIndex = 1; lastKnownFileType = text.xcconfig; name = "Pods-unnamedcastUITests.debug.xcconfig"; path = "Pods/Target Support Files/Pods-unnamedcastUITests/Pods-unnamedcastUITests.debug.xcconfig"; sourceTree = "<group>"; };
		6955001618EA2A04FCFFFB14 /* Pods-unnamedcastTests.debug.xcconfig */ = {isa = PBXFileReference; includeInIndex = 1; lastKnownFileType = text.xcconfig; name = "Pods-unnamedcastTests.debug.xcconfig"; path = "Pods/Target Support Files/Pods-unnamedcastTests/Pods-unnamedcastTests.debug.xcconfig"; sourceTree = "<group>"; };
		71F24CEA613711B7E31BFEF9 /* Pods-unnamedcastUITests.release.xcconfig */ = {isa = PBXFileReference; includeInIndex = 1; lastKnownFileType = text.xcconfig; name = "Pods-unnamedcastUITests.release.xcconfig"; path = "Pods/Target Support Files/Pods-unnamedcastUITests/Pods-unnamedcastUITests.release.xcconfig"; sourceTree = "<group>"; };
		73B7F1F04684D0F80B36620A /* Pods-unnamedcast.debug.xcconfig */ = {isa = PBXFileReference; includeInIndex = 1; lastKnownFileType = text.xcconfig; name = "Pods-unnamedcast.debug.xcconfig"; path = "Pods/Target Support Files/Pods-unnamedcast/Pods-unnamedcast.debug.xcconfig"; sourceTree = "<group>"; };
		830130421CE42AC600E583DF /* SearchResult.swift */ = {isa = PBXFileReference; fileEncoding = 4; lastKnownFileType = sourcecode.swift; path = SearchResult.swift; sourceTree = "<group>"; };
		830130471CE56BCC00E583DF /* APIClient.swift */ = {isa = PBXFileReference; fileEncoding = 4; lastKnownFileType = sourcecode.swift; path = APIClient.swift; sourceTree = "<group>"; };
		8302FB2A1D087AFE0098283F /* NowPlayingInfoPlayerEventHandler.swift */ = {isa = PBXFileReference; fileEncoding = 4; lastKnownFileType = sourcecode.swift; path = NowPlayingInfoPlayerEventHandler.swift; sourceTree = "<group>"; };
		8309D5CD1CFA68BA0062CDD1 /* DBTests.swift */ = {isa = PBXFileReference; fileEncoding = 4; lastKnownFileType = sourcecode.swift; path = DBTests.swift; sourceTree = "<group>"; };
		8310483C1C710B9B003FB964 /* LoginViewController.swift */ = {isa = PBXFileReference; fileEncoding = 4; lastKnownFileType = sourcecode.swift; path = LoginViewController.swift; sourceTree = "<group>"; };
		833239B01C77F47700494388 /* FeedSearchTableViewController.swift */ = {isa = PBXFileReference; fileEncoding = 4; lastKnownFileType = sourcecode.swift; path = FeedSearchTableViewController.swift; sourceTree = "<group>"; };
		833239B21C78E2DD00494388 /* Endpoint.swift */ = {isa = PBXFileReference; fileEncoding = 4; lastKnownFileType = sourcecode.swift; path = Endpoint.swift; sourceTree = "<group>"; };
		833342F71D07BC6D00ABEA39 /* DBPlayerMediator.swift */ = {isa = PBXFileReference; fileEncoding = 4; lastKnownFileType = sourcecode.swift; path = DBPlayerMediator.swift; sourceTree = "<group>"; };
		833F1B121C5B0A59002CCB77 /* SingleFeedViewController.swift */ = {isa = PBXFileReference; fileEncoding = 4; lastKnownFileType = sourcecode.swift; path = SingleFeedViewController.swift; sourceTree = "<group>"; };
		83475B291C62DB5000F48D33 /* AppContainerViewController.swift */ = {isa = PBXFileReference; fileEncoding = 4; lastKnownFileType = sourcecode.swift; path = AppContainerViewController.swift; sourceTree = "<group>"; };
		8349DA061C5DACE900C70153 /* MediaPlayer.framework */ = {isa = PBXFileReference; lastKnownFileType = wrapper.framework; name = MediaPlayer.framework; path = System/Library/Frameworks/MediaPlayer.framework; sourceTree = SDKROOT; };
		83526AD91C5AF19B00C43845 /* Feed.swift */ = {isa = PBXFileReference; fileEncoding = 4; lastKnownFileType = sourcecode.swift; path = Feed.swift; sourceTree = "<group>"; };
		835793A61CDFF9A0003F09FA /* DB.swift */ = {isa = PBXFileReference; fileEncoding = 4; lastKnownFileType = sourcecode.swift; path = DB.swift; sourceTree = "<group>"; };
		8364FAF81CE1A64B004576F7 /* Request.swift */ = {isa = PBXFileReference; fileEncoding = 4; lastKnownFileType = sourcecode.swift; path = Request.swift; sourceTree = "<group>"; };
		8364FAFF1CE41B36004576F7 /* Array.swift */ = {isa = PBXFileReference; fileEncoding = 4; lastKnownFileType = sourcecode.swift; path = Array.swift; sourceTree = "<group>"; };
		8365940B1D065A9400DCB8EE /* PlayerController.swift */ = {isa = PBXFileReference; fileEncoding = 4; lastKnownFileType = sourcecode.swift; path = PlayerController.swift; sourceTree = "<group>"; };
		836594131D065B2500DCB8EE /* Playlist.swift */ = {isa = PBXFileReference; fileEncoding = 4; lastKnownFileType = sourcecode.swift; path = Playlist.swift; sourceTree = "<group>"; };
		836594181D065B5600DCB8EE /* PlayerItem.swift */ = {isa = PBXFileReference; fileEncoding = 4; lastKnownFileType = sourcecode.swift; path = PlayerItem.swift; sourceTree = "<group>"; };
		836594221D065DD000DCB8EE /* ProgressView.swift */ = {isa = PBXFileReference; fileEncoding = 4; lastKnownFileType = sourcecode.swift; path = ProgressView.swift; sourceTree = "<group>"; };
		836594271D06681300DCB8EE /* MiniPlayerViewController.swift */ = {isa = PBXFileReference; fileEncoding = 4; lastKnownFileType = sourcecode.swift; path = MiniPlayerViewController.swift; sourceTree = "<group>"; };
		8377B5121CE64C8000B32588 /* ApplicationDelegateReachable.swift */ = {isa = PBXFileReference; fileEncoding = 4; lastKnownFileType = sourcecode.swift; path = ApplicationDelegateReachable.swift; sourceTree = "<group>"; };
		837857BF1C5C52400026959C /* PlayerService.swift */ = {isa = PBXFileReference; fileEncoding = 4; lastKnownFileType = sourcecode.swift; path = PlayerService.swift; sourceTree = "<group>"; };
		837857C11C5C52660026959C /* AVFoundation.framework */ = {isa = PBXFileReference; lastKnownFileType = wrapper.framework; name = AVFoundation.framework; path = System/Library/Frameworks/AVFoundation.framework; sourceTree = SDKROOT; };
		837857C51C5D629B0026959C /* PlayerViewController.swift */ = {isa = PBXFileReference; fileEncoding = 4; lastKnownFileType = sourcecode.swift; path = PlayerViewController.swift; sourceTree = "<group>"; };
		837857D21C5D93600026959C /* UIImage.swift */ = {isa = PBXFileReference; fileEncoding = 4; lastKnownFileType = sourcecode.swift; path = UIImage.swift; sourceTree = "<group>"; };
		839680BC1CA74A4F007A4D62 /* PlayerView.swift */ = {isa = PBXFileReference; fileEncoding = 4; lastKnownFileType = sourcecode.swift; path = PlayerView.swift; sourceTree = "<group>"; };
		83AC3EAD1CEFEC93000F00F4 /* NSDate.swift */ = {isa = PBXFileReference; fileEncoding = 4; lastKnownFileType = sourcecode.swift; path = NSDate.swift; sourceTree = "<group>"; };
		83AFF8A91C8B7A8900E94AFE /* SyncEngine.swift */ = {isa = PBXFileReference; fileEncoding = 4; lastKnownFileType = sourcecode.swift; path = SyncEngine.swift; sourceTree = "<group>"; };
		83D1FC031D879F6F0064E504 /* PlaylistTableViewController.swift */ = {isa = PBXFileReference; fileEncoding = 4; lastKnownFileType = sourcecode.swift; path = PlaylistTableViewController.swift; sourceTree = "<group>"; };
		83D1FC051D87A5CB0064E504 /* HomeViewController.swift */ = {isa = PBXFileReference; fileEncoding = 4; lastKnownFileType = sourcecode.swift; path = HomeViewController.swift; sourceTree = "<group>"; };
		83DF9A551D7B53A7008847A4 /* FeedTableViewController.swift */ = {isa = PBXFileReference; fileEncoding = 4; lastKnownFileType = sourcecode.swift; path = FeedTableViewController.swift; sourceTree = "<group>"; };
		83E345631C94A5FE009F25E6 /* feed1.json */ = {isa = PBXFileReference; fileEncoding = 4; lastKnownFileType = text.json; name = feed1.json; path = ../unnamedcastTests/feed1.json; sourceTree = "<group>"; };
		83E345691C94A71D009F25E6 /* unnamedcastUnitTests.xctest */ = {isa = PBXFileReference; explicitFileType = wrapper.cfbundle; includeInIndex = 0; path = unnamedcastUnitTests.xctest; sourceTree = BUILT_PRODUCTS_DIR; };
		83E3456B1C94A71D009F25E6 /* unnamedcastUnitTests.swift */ = {isa = PBXFileReference; lastKnownFileType = sourcecode.swift; path = unnamedcastUnitTests.swift; sourceTree = "<group>"; };
		83E3456D1C94A71D009F25E6 /* Info.plist */ = {isa = PBXFileReference; lastKnownFileType = text.plist.xml; path = Info.plist; sourceTree = "<group>"; };
		83E345751C94ADAB009F25E6 /* User.swift */ = {isa = PBXFileReference; fileEncoding = 4; lastKnownFileType = sourcecode.swift; path = User.swift; sourceTree = "<group>"; };
		83E725681C5AEF0D00A0E8D4 /* unnamedcast.app */ = {isa = PBXFileReference; explicitFileType = wrapper.application; includeInIndex = 0; path = unnamedcast.app; sourceTree = BUILT_PRODUCTS_DIR; };
		83E7256B1C5AEF0D00A0E8D4 /* AppDelegate.swift */ = {isa = PBXFileReference; lastKnownFileType = sourcecode.swift; path = AppDelegate.swift; sourceTree = "<group>"; };
		83E725701C5AEF0D00A0E8D4 /* Base */ = {isa = PBXFileReference; lastKnownFileType = file.storyboard; name = Base; path = Base.lproj/Main.storyboard; sourceTree = "<group>"; };
		83E725721C5AEF0D00A0E8D4 /* Assets.xcassets */ = {isa = PBXFileReference; lastKnownFileType = folder.assetcatalog; path = Assets.xcassets; sourceTree = "<group>"; };
		83E725751C5AEF0D00A0E8D4 /* Base */ = {isa = PBXFileReference; lastKnownFileType = file.storyboard; name = Base; path = Base.lproj/LaunchScreen.storyboard; sourceTree = "<group>"; };
		83E725771C5AEF0D00A0E8D4 /* Info.plist */ = {isa = PBXFileReference; lastKnownFileType = text.plist.xml; path = Info.plist; sourceTree = "<group>"; };
		83E7257C1C5AEF0D00A0E8D4 /* unnamedcastTests.xctest */ = {isa = PBXFileReference; explicitFileType = wrapper.cfbundle; includeInIndex = 0; path = unnamedcastTests.xctest; sourceTree = BUILT_PRODUCTS_DIR; };
		83E725801C5AEF0D00A0E8D4 /* unnamedcastTests.swift */ = {isa = PBXFileReference; lastKnownFileType = sourcecode.swift; path = unnamedcastTests.swift; sourceTree = "<group>"; };
		83E725821C5AEF0D00A0E8D4 /* Info.plist */ = {isa = PBXFileReference; lastKnownFileType = text.plist.xml; path = Info.plist; sourceTree = "<group>"; };
		83E725871C5AEF0D00A0E8D4 /* unnamedcastUITests.xctest */ = {isa = PBXFileReference; explicitFileType = wrapper.cfbundle; includeInIndex = 0; path = unnamedcastUITests.xctest; sourceTree = BUILT_PRODUCTS_DIR; };
		83E7258B1C5AEF0D00A0E8D4 /* unnamedcastUITests.swift */ = {isa = PBXFileReference; lastKnownFileType = sourcecode.swift; path = unnamedcastUITests.swift; sourceTree = "<group>"; };
		83E7258D1C5AEF0D00A0E8D4 /* Info.plist */ = {isa = PBXFileReference; lastKnownFileType = text.plist.xml; path = Info.plist; sourceTree = "<group>"; };
		A15BB44BBD0A4E0CB5173476 /* Pods_unnamedcastTests.framework */ = {isa = PBXFileReference; explicitFileType = wrapper.framework; includeInIndex = 0; path = Pods_unnamedcastTests.framework; sourceTree = BUILT_PRODUCTS_DIR; };
		B66936AF81E186173C6079E3 /* Pods_unnamedcastUITests.framework */ = {isa = PBXFileReference; explicitFileType = wrapper.framework; includeInIndex = 0; path = Pods_unnamedcastUITests.framework; sourceTree = BUILT_PRODUCTS_DIR; };
		BB0BADE712D69F5FCE533444 /* Pods_unnamedcastUnitTests.framework */ = {isa = PBXFileReference; explicitFileType = wrapper.framework; includeInIndex = 0; path = Pods_unnamedcastUnitTests.framework; sourceTree = BUILT_PRODUCTS_DIR; };
		BB1EF0EB6C5C1BC5E181A2C8 /* Pods-unnamedcastUnitTests.release.xcconfig */ = {isa = PBXFileReference; includeInIndex = 1; lastKnownFileType = text.xcconfig; name = "Pods-unnamedcastUnitTests.release.xcconfig"; path = "Pods/Target Support Files/Pods-unnamedcastUnitTests/Pods-unnamedcastUnitTests.release.xcconfig"; sourceTree = "<group>"; };
		BF1B60E96407BB98569F864B /* Pods-unnamedcastTests.release.xcconfig */ = {isa = PBXFileReference; includeInIndex = 1; lastKnownFileType = text.xcconfig; name = "Pods-unnamedcastTests.release.xcconfig"; path = "Pods/Target Support Files/Pods-unnamedcastTests/Pods-unnamedcastTests.release.xcconfig"; sourceTree = "<group>"; };
		D6FC9F5AD64C12235FC40D99 /* Pods-unnamedcastUnitTests.debug.xcconfig */ = {isa = PBXFileReference; includeInIndex = 1; lastKnownFileType = text.xcconfig; name = "Pods-unnamedcastUnitTests.debug.xcconfig"; path = "Pods/Target Support Files/Pods-unnamedcastUnitTests/Pods-unnamedcastUnitTests.debug.xcconfig"; sourceTree = "<group>"; };
/* End PBXFileReference section */

/* Begin PBXFrameworksBuildPhase section */
		83E345661C94A71D009F25E6 /* Frameworks */ = {
			isa = PBXFrameworksBuildPhase;
			buildActionMask = 2147483647;
			files = (
				053543FB5FDCD5996706ED64 /* Pods_unnamedcastUnitTests.framework in Frameworks */,
			);
			runOnlyForDeploymentPostprocessing = 0;
		};
		83E725651C5AEF0D00A0E8D4 /* Frameworks */ = {
			isa = PBXFrameworksBuildPhase;
			buildActionMask = 2147483647;
			files = (
				8349DA071C5DACE900C70153 /* MediaPlayer.framework in Frameworks */,
				837857C21C5C52660026959C /* AVFoundation.framework in Frameworks */,
				5EE21D16409B0B09428BF37D /* Pods_unnamedcast.framework in Frameworks */,
			);
			runOnlyForDeploymentPostprocessing = 0;
		};
		83E725791C5AEF0D00A0E8D4 /* Frameworks */ = {
			isa = PBXFrameworksBuildPhase;
			buildActionMask = 2147483647;
			files = (
				0E931C7B04C5898D91D019B0 /* Pods_unnamedcastTests.framework in Frameworks */,
			);
			runOnlyForDeploymentPostprocessing = 0;
		};
		83E725841C5AEF0D00A0E8D4 /* Frameworks */ = {
			isa = PBXFrameworksBuildPhase;
			buildActionMask = 2147483647;
			files = (
				1ECB3731CD755B0E1412EC5F /* Pods_unnamedcastUITests.framework in Frameworks */,
			);
			runOnlyForDeploymentPostprocessing = 0;
		};
/* End PBXFrameworksBuildPhase section */

/* Begin PBXGroup section */
		7B3B90DC203E146E868A8069 /* Pods */ = {
			isa = PBXGroup;
			children = (
				73B7F1F04684D0F80B36620A /* Pods-unnamedcast.debug.xcconfig */,
				36220392FD0ED3B492C36B69 /* Pods-unnamedcast.release.xcconfig */,
				6955001618EA2A04FCFFFB14 /* Pods-unnamedcastTests.debug.xcconfig */,
				BF1B60E96407BB98569F864B /* Pods-unnamedcastTests.release.xcconfig */,
				37CFD606BB6E00CC8E1F9235 /* Pods-unnamedcastUITests.debug.xcconfig */,
				71F24CEA613711B7E31BFEF9 /* Pods-unnamedcastUITests.release.xcconfig */,
				D6FC9F5AD64C12235FC40D99 /* Pods-unnamedcastUnitTests.debug.xcconfig */,
				BB1EF0EB6C5C1BC5E181A2C8 /* Pods-unnamedcastUnitTests.release.xcconfig */,
			);
			name = Pods;
			sourceTree = "<group>";
		};
		8302FB2F1D087C090098283F /* Event Handlers */ = {
			isa = PBXGroup;
			children = (
				8302FB2A1D087AFE0098283F /* NowPlayingInfoPlayerEventHandler.swift */,
			);
			name = "Event Handlers";
			sourceTree = "<group>";
		};
		8310483B1C710AE4003FB964 /* Controllers */ = {
			isa = PBXGroup;
			children = (
				83475B291C62DB5000F48D33 /* AppContainerViewController.swift */,
				837857C51C5D629B0026959C /* PlayerViewController.swift */,
				833F1B121C5B0A59002CCB77 /* SingleFeedViewController.swift */,
				8310483C1C710B9B003FB964 /* LoginViewController.swift */,
				833239B01C77F47700494388 /* FeedSearchTableViewController.swift */,
				836594271D06681300DCB8EE /* MiniPlayerViewController.swift */,
				83DF9A551D7B53A7008847A4 /* FeedTableViewController.swift */,
				83D1FC031D879F6F0064E504 /* PlaylistTableViewController.swift */,
				83D1FC051D87A5CB0064E504 /* HomeViewController.swift */,
			);
			name = Controllers;
			sourceTree = "<group>";
		};
		83526AD81C5AF08300C43845 /* Models */ = {
			isa = PBXGroup;
			children = (
				83526AD91C5AF19B00C43845 /* Feed.swift */,
				83E345751C94ADAB009F25E6 /* User.swift */,
				830130421CE42AC600E583DF /* SearchResult.swift */,
			);
			name = Models;
			sourceTree = "<group>";
		};
		8364FAFB1CE1B26A004576F7 /* Extensions */ = {
			isa = PBXGroup;
			children = (
				8377B5111CE64A5C00B32588 /* Foundation */,
				8364FAFE1CE41B29004576F7 /* stdlib */,
				8364FAFC1CE1B271004576F7 /* Alamofire */,
			);
			name = Extensions;
			sourceTree = "<group>";
		};
		8364FAFC1CE1B271004576F7 /* Alamofire */ = {
			isa = PBXGroup;
			children = (
				8364FAF81CE1A64B004576F7 /* Request.swift */,
			);
			name = Alamofire;
			sourceTree = "<group>";
		};
		8364FAFE1CE41B29004576F7 /* stdlib */ = {
			isa = PBXGroup;
			children = (
				8364FAFF1CE41B36004576F7 /* Array.swift */,
			);
			name = stdlib;
			sourceTree = "<group>";
		};
		8365940A1D065A7400DCB8EE /* Player */ = {
			isa = PBXGroup;
			children = (
				8302FB2F1D087C090098283F /* Event Handlers */,
				837857BF1C5C52400026959C /* PlayerService.swift */,
				8365940B1D065A9400DCB8EE /* PlayerController.swift */,
				836594131D065B2500DCB8EE /* Playlist.swift */,
				836594181D065B5600DCB8EE /* PlayerItem.swift */,
			);
			name = Player;
			sourceTree = "<group>";
		};
		8377B5111CE64A5C00B32588 /* Foundation */ = {
			isa = PBXGroup;
			children = (
				837857D21C5D93600026959C /* UIImage.swift */,
				83AC3EAD1CEFEC93000F00F4 /* NSDate.swift */,
			);
			name = Foundation;
			sourceTree = "<group>";
		};
		839680B91CA74932007A4D62 /* Views */ = {
			isa = PBXGroup;
			children = (
				839680BC1CA74A4F007A4D62 /* PlayerView.swift */,
				836594221D065DD000DCB8EE /* ProgressView.swift */,
			);
			name = Views;
			sourceTree = "<group>";
		};
		83E3456A1C94A71D009F25E6 /* unnamedcastUnitTests */ = {
			isa = PBXGroup;
			children = (
				83E3456B1C94A71D009F25E6 /* unnamedcastUnitTests.swift */,
				83E345631C94A5FE009F25E6 /* feed1.json */,
				83E3456D1C94A71D009F25E6 /* Info.plist */,
				8309D5CD1CFA68BA0062CDD1 /* DBTests.swift */,
			);
			path = unnamedcastUnitTests;
			sourceTree = "<group>";
		};
		83E7255F1C5AEF0D00A0E8D4 = {
			isa = PBXGroup;
			children = (
				83E7256A1C5AEF0D00A0E8D4 /* unnamedcast */,
				83E7257F1C5AEF0D00A0E8D4 /* unnamedcastTests */,
				83E7258A1C5AEF0D00A0E8D4 /* unnamedcastUITests */,
				83E3456A1C94A71D009F25E6 /* unnamedcastUnitTests */,
				83E725691C5AEF0D00A0E8D4 /* Products */,
				CCAACF3A281A47F1104E9720 /* Frameworks */,
				7B3B90DC203E146E868A8069 /* Pods */,
			);
			sourceTree = "<group>";
		};
		83E725691C5AEF0D00A0E8D4 /* Products */ = {
			isa = PBXGroup;
			children = (
				83E725681C5AEF0D00A0E8D4 /* unnamedcast.app */,
				83E7257C1C5AEF0D00A0E8D4 /* unnamedcastTests.xctest */,
				83E725871C5AEF0D00A0E8D4 /* unnamedcastUITests.xctest */,
				83E345691C94A71D009F25E6 /* unnamedcastUnitTests.xctest */,
			);
			name = Products;
			sourceTree = "<group>";
		};
		83E7256A1C5AEF0D00A0E8D4 /* unnamedcast */ = {
			isa = PBXGroup;
			children = (
				8365940A1D065A7400DCB8EE /* Player */,
				8364FAFB1CE1B26A004576F7 /* Extensions */,
				839680B91CA74932007A4D62 /* Views */,
				83526AD81C5AF08300C43845 /* Models */,
				8310483B1C710AE4003FB964 /* Controllers */,
				83E7256B1C5AEF0D00A0E8D4 /* AppDelegate.swift */,
				83E725721C5AEF0D00A0E8D4 /* Assets.xcassets */,
				83E725771C5AEF0D00A0E8D4 /* Info.plist */,
				83E725741C5AEF0D00A0E8D4 /* LaunchScreen.storyboard */,
				83E7256F1C5AEF0D00A0E8D4 /* Main.storyboard */,
				833239B21C78E2DD00494388 /* Endpoint.swift */,
				83AFF8A91C8B7A8900E94AFE /* SyncEngine.swift */,
				835793A61CDFF9A0003F09FA /* DB.swift */,
				830130471CE56BCC00E583DF /* APIClient.swift */,
				8377B5121CE64C8000B32588 /* ApplicationDelegateReachable.swift */,
				833342F71D07BC6D00ABEA39 /* DBPlayerMediator.swift */,
			);
			path = unnamedcast;
			sourceTree = "<group>";
		};
		83E7257F1C5AEF0D00A0E8D4 /* unnamedcastTests */ = {
			isa = PBXGroup;
			children = (
				83E725801C5AEF0D00A0E8D4 /* unnamedcastTests.swift */,
				83E725821C5AEF0D00A0E8D4 /* Info.plist */,
			);
			path = unnamedcastTests;
			sourceTree = "<group>";
		};
		83E7258A1C5AEF0D00A0E8D4 /* unnamedcastUITests */ = {
			isa = PBXGroup;
			children = (
				83E7258B1C5AEF0D00A0E8D4 /* unnamedcastUITests.swift */,
				83E7258D1C5AEF0D00A0E8D4 /* Info.plist */,
			);
			path = unnamedcastUITests;
			sourceTree = "<group>";
		};
		CCAACF3A281A47F1104E9720 /* Frameworks */ = {
			isa = PBXGroup;
			children = (
				8349DA061C5DACE900C70153 /* MediaPlayer.framework */,
				837857C11C5C52660026959C /* AVFoundation.framework */,
				28F89372106F0B6A68F064B7 /* Pods_unnamedcast.framework */,
				A15BB44BBD0A4E0CB5173476 /* Pods_unnamedcastTests.framework */,
				B66936AF81E186173C6079E3 /* Pods_unnamedcastUITests.framework */,
				BB0BADE712D69F5FCE533444 /* Pods_unnamedcastUnitTests.framework */,
			);
			name = Frameworks;
			sourceTree = "<group>";
		};
/* End PBXGroup section */

/* Begin PBXNativeTarget section */
		83E345681C94A71D009F25E6 /* unnamedcastUnitTests */ = {
			isa = PBXNativeTarget;
			buildConfigurationList = 83E3456E1C94A71D009F25E6 /* Build configuration list for PBXNativeTarget "unnamedcastUnitTests" */;
			buildPhases = (
				982171720B3745FC1E4B3A77 /* [CP] Check Pods Manifest.lock */,
				83E345651C94A71D009F25E6 /* Sources */,
				83E345661C94A71D009F25E6 /* Frameworks */,
				83E345671C94A71D009F25E6 /* Resources */,
				231397FC397413B8AC79A4CE /* [CP] Embed Pods Frameworks */,
				CA88E2665833ECFB20D9029F /* [CP] Copy Pods Resources */,
			);
			buildRules = (
			);
			dependencies = (
			);
			name = unnamedcastUnitTests;
			productName = unnamedcastUnitTests;
			productReference = 83E345691C94A71D009F25E6 /* unnamedcastUnitTests.xctest */;
			productType = "com.apple.product-type.bundle.unit-test";
		};
		83E725671C5AEF0D00A0E8D4 /* unnamedcast */ = {
			isa = PBXNativeTarget;
			buildConfigurationList = 83E725901C5AEF0D00A0E8D4 /* Build configuration list for PBXNativeTarget "unnamedcast" */;
			buildPhases = (
				E29AE64DE679CC0627207571 /* [CP] Check Pods Manifest.lock */,
				83E725641C5AEF0D00A0E8D4 /* Sources */,
				83E725651C5AEF0D00A0E8D4 /* Frameworks */,
				83E725661C5AEF0D00A0E8D4 /* Resources */,
				B21BC0567D46D3B513F011AA /* [CP] Embed Pods Frameworks */,
				558F2321760BF780265A88CB /* [CP] Copy Pods Resources */,
			);
			buildRules = (
			);
			dependencies = (
			);
			name = unnamedcast;
			productName = unnamedcast;
			productReference = 83E725681C5AEF0D00A0E8D4 /* unnamedcast.app */;
			productType = "com.apple.product-type.application";
		};
		83E7257B1C5AEF0D00A0E8D4 /* unnamedcastTests */ = {
			isa = PBXNativeTarget;
			buildConfigurationList = 83E725931C5AEF0D00A0E8D4 /* Build configuration list for PBXNativeTarget "unnamedcastTests" */;
			buildPhases = (
				8E54B0429E165548543B90C5 /* [CP] Check Pods Manifest.lock */,
				83E725781C5AEF0D00A0E8D4 /* Sources */,
				83E725791C5AEF0D00A0E8D4 /* Frameworks */,
				83E7257A1C5AEF0D00A0E8D4 /* Resources */,
				CEC03ECCD3334400F0708726 /* [CP] Embed Pods Frameworks */,
				798C6F03B0879A910BBA1A0B /* [CP] Copy Pods Resources */,
			);
			buildRules = (
			);
			dependencies = (
				83E7257E1C5AEF0D00A0E8D4 /* PBXTargetDependency */,
			);
			name = unnamedcastTests;
			productName = unnamedcastTests;
			productReference = 83E7257C1C5AEF0D00A0E8D4 /* unnamedcastTests.xctest */;
			productType = "com.apple.product-type.bundle.unit-test";
		};
		83E725861C5AEF0D00A0E8D4 /* unnamedcastUITests */ = {
			isa = PBXNativeTarget;
			buildConfigurationList = 83E725961C5AEF0D00A0E8D4 /* Build configuration list for PBXNativeTarget "unnamedcastUITests" */;
			buildPhases = (
				66DA10DB9210B34987F60E89 /* [CP] Check Pods Manifest.lock */,
				83E725831C5AEF0D00A0E8D4 /* Sources */,
				83E725841C5AEF0D00A0E8D4 /* Frameworks */,
				83E725851C5AEF0D00A0E8D4 /* Resources */,
				882062214B8F34117AE09DAB /* [CP] Copy Pods Resources */,
			);
			buildRules = (
			);
			dependencies = (
				83E725891C5AEF0D00A0E8D4 /* PBXTargetDependency */,
			);
			name = unnamedcastUITests;
			productName = unnamedcastUITests;
			productReference = 83E725871C5AEF0D00A0E8D4 /* unnamedcastUITests.xctest */;
			productType = "com.apple.product-type.bundle.ui-testing";
		};
/* End PBXNativeTarget section */

/* Begin PBXProject section */
		83E725601C5AEF0D00A0E8D4 /* Project object */ = {
			isa = PBXProject;
			attributes = {
				LastSwiftUpdateCheck = 0720;
				LastUpgradeCheck = 0720;
				ORGANIZATIONNAME = "Christopher Lucas";
				TargetAttributes = {
					83E345681C94A71D009F25E6 = {
						CreatedOnToolsVersion = 7.2.1;
					};
					83E725671C5AEF0D00A0E8D4 = {
						CreatedOnToolsVersion = 7.2;
						DevelopmentTeam = 4HV5RKTAF4;
						SystemCapabilities = {
							com.apple.BackgroundModes = {
								enabled = 1;
							};
						};
					};
					83E7257B1C5AEF0D00A0E8D4 = {
						CreatedOnToolsVersion = 7.2;
						TestTargetID = 83E725671C5AEF0D00A0E8D4;
					};
					83E725861C5AEF0D00A0E8D4 = {
						CreatedOnToolsVersion = 7.2;
						TestTargetID = 83E725671C5AEF0D00A0E8D4;
					};
				};
			};
			buildConfigurationList = 83E725631C5AEF0D00A0E8D4 /* Build configuration list for PBXProject "unnamedcast" */;
			compatibilityVersion = "Xcode 3.2";
			developmentRegion = English;
			hasScannedForEncodings = 0;
			knownRegions = (
				en,
				Base,
			);
			mainGroup = 83E7255F1C5AEF0D00A0E8D4;
			productRefGroup = 83E725691C5AEF0D00A0E8D4 /* Products */;
			projectDirPath = "";
			projectRoot = "";
			targets = (
				83E725671C5AEF0D00A0E8D4 /* unnamedcast */,
				83E7257B1C5AEF0D00A0E8D4 /* unnamedcastTests */,
				83E725861C5AEF0D00A0E8D4 /* unnamedcastUITests */,
				83E345681C94A71D009F25E6 /* unnamedcastUnitTests */,
			);
		};
/* End PBXProject section */

/* Begin PBXResourcesBuildPhase section */
		83E345671C94A71D009F25E6 /* Resources */ = {
			isa = PBXResourcesBuildPhase;
			buildActionMask = 2147483647;
			files = (
				83C5145A1CACC931003FCBA4 /* feed1.json in Resources */,
			);
			runOnlyForDeploymentPostprocessing = 0;
		};
		83E725661C5AEF0D00A0E8D4 /* Resources */ = {
			isa = PBXResourcesBuildPhase;
			buildActionMask = 2147483647;
			files = (
				83E725761C5AEF0D00A0E8D4 /* LaunchScreen.storyboard in Resources */,
				83E725731C5AEF0D00A0E8D4 /* Assets.xcassets in Resources */,
				83E725711C5AEF0D00A0E8D4 /* Main.storyboard in Resources */,
			);
			runOnlyForDeploymentPostprocessing = 0;
		};
		83E7257A1C5AEF0D00A0E8D4 /* Resources */ = {
			isa = PBXResourcesBuildPhase;
			buildActionMask = 2147483647;
			files = (
				83E345641C94A5FE009F25E6 /* feed1.json in Resources */,
			);
			runOnlyForDeploymentPostprocessing = 0;
		};
		83E725851C5AEF0D00A0E8D4 /* Resources */ = {
			isa = PBXResourcesBuildPhase;
			buildActionMask = 2147483647;
			files = (
			);
			runOnlyForDeploymentPostprocessing = 0;
		};
/* End PBXResourcesBuildPhase section */

/* Begin PBXShellScriptBuildPhase section */
		231397FC397413B8AC79A4CE /* [CP] Embed Pods Frameworks */ = {
			isa = PBXShellScriptBuildPhase;
			buildActionMask = 2147483647;
			files = (
			);
			inputPaths = (
			);
			name = "[CP] Embed Pods Frameworks";
			outputPaths = (
			);
			runOnlyForDeploymentPostprocessing = 0;
			shellPath = /bin/sh;
			shellScript = "\"${SRCROOT}/Pods/Target Support Files/Pods-unnamedcastUnitTests/Pods-unnamedcastUnitTests-frameworks.sh\"\n";
			showEnvVarsInLog = 0;
		};
		558F2321760BF780265A88CB /* [CP] Copy Pods Resources */ = {
			isa = PBXShellScriptBuildPhase;
			buildActionMask = 2147483647;
			files = (
			);
			inputPaths = (
			);
			name = "[CP] Copy Pods Resources";
			outputPaths = (
			);
			runOnlyForDeploymentPostprocessing = 0;
			shellPath = /bin/sh;
			shellScript = "\"${SRCROOT}/Pods/Target Support Files/Pods-unnamedcast/Pods-unnamedcast-resources.sh\"\n";
			showEnvVarsInLog = 0;
		};
		66DA10DB9210B34987F60E89 /* [CP] Check Pods Manifest.lock */ = {
			isa = PBXShellScriptBuildPhase;
			buildActionMask = 2147483647;
			files = (
			);
			inputPaths = (
			);
			name = "[CP] Check Pods Manifest.lock";
			outputPaths = (
			);
			runOnlyForDeploymentPostprocessing = 0;
			shellPath = /bin/sh;
			shellScript = "diff \"${PODS_ROOT}/../Podfile.lock\" \"${PODS_ROOT}/Manifest.lock\" > /dev/null\nif [[ $? != 0 ]] ; then\n    cat << EOM\nerror: The sandbox is not in sync with the Podfile.lock. Run 'pod install' or update your CocoaPods installation.\nEOM\n    exit 1\nfi\n";
			showEnvVarsInLog = 0;
		};
		798C6F03B0879A910BBA1A0B /* [CP] Copy Pods Resources */ = {
			isa = PBXShellScriptBuildPhase;
			buildActionMask = 2147483647;
			files = (
			);
			inputPaths = (
			);
			name = "[CP] Copy Pods Resources";
			outputPaths = (
			);
			runOnlyForDeploymentPostprocessing = 0;
			shellPath = /bin/sh;
			shellScript = "\"${SRCROOT}/Pods/Target Support Files/Pods-unnamedcastTests/Pods-unnamedcastTests-resources.sh\"\n";
			showEnvVarsInLog = 0;
		};
		882062214B8F34117AE09DAB /* [CP] Copy Pods Resources */ = {
			isa = PBXShellScriptBuildPhase;
			buildActionMask = 2147483647;
			files = (
			);
			inputPaths = (
			);
			name = "[CP] Copy Pods Resources";
			outputPaths = (
			);
			runOnlyForDeploymentPostprocessing = 0;
			shellPath = /bin/sh;
			shellScript = "\"${SRCROOT}/Pods/Target Support Files/Pods-unnamedcastUITests/Pods-unnamedcastUITests-resources.sh\"\n";
			showEnvVarsInLog = 0;
		};
		8E54B0429E165548543B90C5 /* [CP] Check Pods Manifest.lock */ = {
			isa = PBXShellScriptBuildPhase;
			buildActionMask = 2147483647;
			files = (
			);
			inputPaths = (
			);
			name = "[CP] Check Pods Manifest.lock";
			outputPaths = (
			);
			runOnlyForDeploymentPostprocessing = 0;
			shellPath = /bin/sh;
			shellScript = "diff \"${PODS_ROOT}/../Podfile.lock\" \"${PODS_ROOT}/Manifest.lock\" > /dev/null\nif [[ $? != 0 ]] ; then\n    cat << EOM\nerror: The sandbox is not in sync with the Podfile.lock. Run 'pod install' or update your CocoaPods installation.\nEOM\n    exit 1\nfi\n";
			showEnvVarsInLog = 0;
		};
		982171720B3745FC1E4B3A77 /* [CP] Check Pods Manifest.lock */ = {
			isa = PBXShellScriptBuildPhase;
			buildActionMask = 2147483647;
			files = (
			);
			inputPaths = (
			);
			name = "[CP] Check Pods Manifest.lock";
			outputPaths = (
			);
			runOnlyForDeploymentPostprocessing = 0;
			shellPath = /bin/sh;
			shellScript = "diff \"${PODS_ROOT}/../Podfile.lock\" \"${PODS_ROOT}/Manifest.lock\" > /dev/null\nif [[ $? != 0 ]] ; then\n    cat << EOM\nerror: The sandbox is not in sync with the Podfile.lock. Run 'pod install' or update your CocoaPods installation.\nEOM\n    exit 1\nfi\n";
			showEnvVarsInLog = 0;
		};
		B21BC0567D46D3B513F011AA /* [CP] Embed Pods Frameworks */ = {
			isa = PBXShellScriptBuildPhase;
			buildActionMask = 2147483647;
			files = (
			);
			inputPaths = (
			);
			name = "[CP] Embed Pods Frameworks";
			outputPaths = (
			);
			runOnlyForDeploymentPostprocessing = 0;
			shellPath = /bin/sh;
			shellScript = "\"${SRCROOT}/Pods/Target Support Files/Pods-unnamedcast/Pods-unnamedcast-frameworks.sh\"\n";
			showEnvVarsInLog = 0;
		};
		CA88E2665833ECFB20D9029F /* [CP] Copy Pods Resources */ = {
			isa = PBXShellScriptBuildPhase;
			buildActionMask = 2147483647;
			files = (
			);
			inputPaths = (
			);
			name = "[CP] Copy Pods Resources";
			outputPaths = (
			);
			runOnlyForDeploymentPostprocessing = 0;
			shellPath = /bin/sh;
			shellScript = "\"${SRCROOT}/Pods/Target Support Files/Pods-unnamedcastUnitTests/Pods-unnamedcastUnitTests-resources.sh\"\n";
			showEnvVarsInLog = 0;
		};
		CEC03ECCD3334400F0708726 /* [CP] Embed Pods Frameworks */ = {
			isa = PBXShellScriptBuildPhase;
			buildActionMask = 2147483647;
			files = (
			);
			inputPaths = (
			);
			name = "[CP] Embed Pods Frameworks";
			outputPaths = (
			);
			runOnlyForDeploymentPostprocessing = 0;
			shellPath = /bin/sh;
			shellScript = "\"${SRCROOT}/Pods/Target Support Files/Pods-unnamedcastTests/Pods-unnamedcastTests-frameworks.sh\"\n";
			showEnvVarsInLog = 0;
		};
		E29AE64DE679CC0627207571 /* [CP] Check Pods Manifest.lock */ = {
			isa = PBXShellScriptBuildPhase;
			buildActionMask = 2147483647;
			files = (
			);
			inputPaths = (
			);
			name = "[CP] Check Pods Manifest.lock";
			outputPaths = (
			);
			runOnlyForDeploymentPostprocessing = 0;
			shellPath = /bin/sh;
			shellScript = "diff \"${PODS_ROOT}/../Podfile.lock\" \"${PODS_ROOT}/Manifest.lock\" > /dev/null\nif [[ $? != 0 ]] ; then\n    cat << EOM\nerror: The sandbox is not in sync with the Podfile.lock. Run 'pod install' or update your CocoaPods installation.\nEOM\n    exit 1\nfi\n";
			showEnvVarsInLog = 0;
		};
/* End PBXShellScriptBuildPhase section */

/* Begin PBXSourcesBuildPhase section */
		83E345651C94A71D009F25E6 /* Sources */ = {
			isa = PBXSourcesBuildPhase;
			buildActionMask = 2147483647;
			files = (
				833342FD1D07C83900ABEA39 /* UIImage.swift in Sources */,
				833342FE1D07C83900ABEA39 /* PlayerView.swift in Sources */,
				833342FF1D07C83900ABEA39 /* AppContainerViewController.swift in Sources */,
				833343011D07C83900ABEA39 /* PlayerViewController.swift in Sources */,
				833343021D07C83900ABEA39 /* SingleFeedViewController.swift in Sources */,
				833343031D07C83900ABEA39 /* LoginViewController.swift in Sources */,
				833343041D07C83900ABEA39 /* FeedSearchTableViewController.swift in Sources */,
				8309D5CE1CFA68BA0062CDD1 /* DBTests.swift in Sources */,
				835177231CE6B0B500064843 /* AppDelegate.swift in Sources */,
				835177241CE6B0E200064843 /* PlayerService.swift in Sources */,
				836594171D065B2500DCB8EE /* Playlist.swift in Sources */,
				8364FB031CE41B36004576F7 /* Array.swift in Sources */,
				8365941C1D065B5600DCB8EE /* PlayerItem.swift in Sources */,
				833342FC1D07C82500ABEA39 /* PlayerController.swift in Sources */,
				833342FB1D07BC6D00ABEA39 /* DBPlayerMediator.swift in Sources */,
				835793A81CE00E79003F09FA /* DB.swift in Sources */,
				83AC3EB11CEFEC93000F00F4 /* NSDate.swift in Sources */,
				839680C31CACBDBA007A4D62 /* Feed.swift in Sources */,
				839680C41CACBDBA007A4D62 /* User.swift in Sources */,
				839680C51CACBDBA007A4D62 /* Endpoint.swift in Sources */,
				830130461CE42AC600E583DF /* SearchResult.swift in Sources */,
				8364FAFA1CE1AF47004576F7 /* Request.swift in Sources */,
				839680C71CACBDBA007A4D62 /* SyncEngine.swift in Sources */,
				8301304B1CE56BCC00E583DF /* APIClient.swift in Sources */,
				836594261D065DD000DCB8EE /* ProgressView.swift in Sources */,
				8377B5161CE64C8000B32588 /* ApplicationDelegateReachable.swift in Sources */,
				8365942B1D06681300DCB8EE /* MiniPlayerViewController.swift in Sources */,
				8302FB2E1D087AFE0098283F /* NowPlayingInfoPlayerEventHandler.swift in Sources */,
				839680C21CACBC9A007A4D62 /* unnamedcastUnitTests.swift in Sources */,
			);
			runOnlyForDeploymentPostprocessing = 0;
		};
		83E725641C5AEF0D00A0E8D4 /* Sources */ = {
			isa = PBXSourcesBuildPhase;
			buildActionMask = 2147483647;
			files = (
				837857C61C5D629B0026959C /* PlayerViewController.swift in Sources */,
				8364FB001CE41B36004576F7 /* Array.swift in Sources */,
				837857C01C5C52400026959C /* PlayerService.swift in Sources */,
				8365940C1D065A9500DCB8EE /* PlayerController.swift in Sources */,
				836594281D06681300DCB8EE /* MiniPlayerViewController.swift in Sources */,
				83D1FC061D87A5CB0064E504 /* HomeViewController.swift in Sources */,
				836594141D065B2500DCB8EE /* Playlist.swift in Sources */,
				83D1FC041D879F6F0064E504 /* PlaylistTableViewController.swift in Sources */,
				836594191D065B5600DCB8EE /* PlayerItem.swift in Sources */,
				83526ADA1C5AF19B00C43845 /* Feed.swift in Sources */,
				83DF9A561D7B53A7008847A4 /* FeedTableViewController.swift in Sources */,
				837857D31C5D93600026959C /* UIImage.swift in Sources */,
				839680BD1CA74A4F007A4D62 /* PlayerView.swift in Sources */,
				83E345761C94ADAB009F25E6 /* User.swift in Sources */,
				833239B31C78E2DD00494388 /* Endpoint.swift in Sources */,
				8377B5131CE64C8000B32588 /* ApplicationDelegateReachable.swift in Sources */,
				830130481CE56BCC00E583DF /* APIClient.swift in Sources */,
				83AC3EAE1CEFEC93000F00F4 /* NSDate.swift in Sources */,
				83475B2A1C62DB5000F48D33 /* AppContainerViewController.swift in Sources */,
				835793A71CDFF9A0003F09FA /* DB.swift in Sources */,
				8364FAF91CE1A64B004576F7 /* Request.swift in Sources */,
				8302FB2B1D087AFE0098283F /* NowPlayingInfoPlayerEventHandler.swift in Sources */,
				83E7256C1C5AEF0D00A0E8D4 /* AppDelegate.swift in Sources */,
				830130431CE42AC600E583DF /* SearchResult.swift in Sources */,
				833F1B131C5B0A59002CCB77 /* SingleFeedViewController.swift in Sources */,
				8310483D1C710B9B003FB964 /* LoginViewController.swift in Sources */,
				83AFF8AA1C8B7A8900E94AFE /* SyncEngine.swift in Sources */,
				833342F81D07BC6D00ABEA39 /* DBPlayerMediator.swift in Sources */,
				833239B11C77F47700494388 /* FeedSearchTableViewController.swift in Sources */,
				836594231D065DD000DCB8EE /* ProgressView.swift in Sources */,
			);
			runOnlyForDeploymentPostprocessing = 0;
		};
		83E725781C5AEF0D00A0E8D4 /* Sources */ = {
			isa = PBXSourcesBuildPhase;
			buildActionMask = 2147483647;
			files = (
				8377B5141CE64C8000B32588 /* ApplicationDelegateReachable.swift in Sources */,
				833342F91D07BC6D00ABEA39 /* DBPlayerMediator.swift in Sources */,
				836594291D06681300DCB8EE /* MiniPlayerViewController.swift in Sources */,
				8365941A1D065B5600DCB8EE /* PlayerItem.swift in Sources */,
				83E725811C5AEF0D00A0E8D4 /* unnamedcastTests.swift in Sources */,
				836594151D065B2500DCB8EE /* Playlist.swift in Sources */,
				8302FB2C1D087AFE0098283F /* NowPlayingInfoPlayerEventHandler.swift in Sources */,
				830130491CE56BCC00E583DF /* APIClient.swift in Sources */,
				830130441CE42AC600E583DF /* SearchResult.swift in Sources */,
				836594241D065DD000DCB8EE /* ProgressView.swift in Sources */,
				83AC3EAF1CEFEC93000F00F4 /* NSDate.swift in Sources */,
				8364FB011CE41B36004576F7 /* Array.swift in Sources */,
			);
			runOnlyForDeploymentPostprocessing = 0;
		};
		83E725831C5AEF0D00A0E8D4 /* Sources */ = {
			isa = PBXSourcesBuildPhase;
			buildActionMask = 2147483647;
			files = (
				8377B5151CE64C8000B32588 /* ApplicationDelegateReachable.swift in Sources */,
				833342FA1D07BC6D00ABEA39 /* DBPlayerMediator.swift in Sources */,
				8365942A1D06681300DCB8EE /* MiniPlayerViewController.swift in Sources */,
				8365941B1D065B5600DCB8EE /* PlayerItem.swift in Sources */,
				83E7258C1C5AEF0D00A0E8D4 /* unnamedcastUITests.swift in Sources */,
				836594161D065B2500DCB8EE /* Playlist.swift in Sources */,
				8302FB2D1D087AFE0098283F /* NowPlayingInfoPlayerEventHandler.swift in Sources */,
				8301304A1CE56BCC00E583DF /* APIClient.swift in Sources */,
				830130451CE42AC600E583DF /* SearchResult.swift in Sources */,
				836594251D065DD000DCB8EE /* ProgressView.swift in Sources */,
				83AC3EB01CEFEC93000F00F4 /* NSDate.swift in Sources */,
				8364FB021CE41B36004576F7 /* Array.swift in Sources */,
			);
			runOnlyForDeploymentPostprocessing = 0;
		};
/* End PBXSourcesBuildPhase section */

/* Begin PBXTargetDependency section */
		83E7257E1C5AEF0D00A0E8D4 /* PBXTargetDependency */ = {
			isa = PBXTargetDependency;
			target = 83E725671C5AEF0D00A0E8D4 /* unnamedcast */;
			targetProxy = 83E7257D1C5AEF0D00A0E8D4 /* PBXContainerItemProxy */;
		};
		83E725891C5AEF0D00A0E8D4 /* PBXTargetDependency */ = {
			isa = PBXTargetDependency;
			target = 83E725671C5AEF0D00A0E8D4 /* unnamedcast */;
			targetProxy = 83E725881C5AEF0D00A0E8D4 /* PBXContainerItemProxy */;
		};
/* End PBXTargetDependency section */

/* Begin PBXVariantGroup section */
		83E7256F1C5AEF0D00A0E8D4 /* Main.storyboard */ = {
			isa = PBXVariantGroup;
			children = (
				83E725701C5AEF0D00A0E8D4 /* Base */,
			);
			name = Main.storyboard;
			sourceTree = "<group>";
		};
		83E725741C5AEF0D00A0E8D4 /* LaunchScreen.storyboard */ = {
			isa = PBXVariantGroup;
			children = (
				83E725751C5AEF0D00A0E8D4 /* Base */,
			);
			name = LaunchScreen.storyboard;
			sourceTree = "<group>";
		};
/* End PBXVariantGroup section */

/* Begin XCBuildConfiguration section */
		83E3456F1C94A71D009F25E6 /* Debug */ = {
			isa = XCBuildConfiguration;
			baseConfigurationReference = D6FC9F5AD64C12235FC40D99 /* Pods-unnamedcastUnitTests.debug.xcconfig */;
			buildSettings = {
				FRAMEWORK_SEARCH_PATHS = (
					"$(inherited)",
					"$(PROJECT_DIR)/build/Debug-iphoneos",
				);
				INFOPLIST_FILE = unnamedcastUnitTests/Info.plist;
				LD_RUNPATH_SEARCH_PATHS = "$(inherited) @executable_path/Frameworks @loader_path/Frameworks";
				PRODUCT_BUNDLE_IDENTIFIER = com.chrisjlucas.unnamedcastUnitTests;
				PRODUCT_NAME = "$(TARGET_NAME)";
			};
			name = Debug;
		};
		83E345701C94A71D009F25E6 /* Release */ = {
			isa = XCBuildConfiguration;
			baseConfigurationReference = BB1EF0EB6C5C1BC5E181A2C8 /* Pods-unnamedcastUnitTests.release.xcconfig */;
			buildSettings = {
				FRAMEWORK_SEARCH_PATHS = (
					"$(inherited)",
					"$(PROJECT_DIR)/build/Debug-iphoneos",
				);
				INFOPLIST_FILE = unnamedcastUnitTests/Info.plist;
				LD_RUNPATH_SEARCH_PATHS = "$(inherited) @executable_path/Frameworks @loader_path/Frameworks";
				PRODUCT_BUNDLE_IDENTIFIER = com.chrisjlucas.unnamedcastUnitTests;
				PRODUCT_NAME = "$(TARGET_NAME)";
			};
			name = Release;
		};
		83E7258E1C5AEF0D00A0E8D4 /* Debug */ = {
			isa = XCBuildConfiguration;
			buildSettings = {
				ALWAYS_SEARCH_USER_PATHS = NO;
				CLANG_CXX_LANGUAGE_STANDARD = "gnu++0x";
				CLANG_CXX_LIBRARY = "libc++";
				CLANG_ENABLE_MODULES = YES;
				CLANG_ENABLE_OBJC_ARC = YES;
				CLANG_WARN_BOOL_CONVERSION = YES;
				CLANG_WARN_CONSTANT_CONVERSION = YES;
				CLANG_WARN_DIRECT_OBJC_ISA_USAGE = YES_ERROR;
				CLANG_WARN_EMPTY_BODY = YES;
				CLANG_WARN_ENUM_CONVERSION = YES;
				CLANG_WARN_INT_CONVERSION = YES;
				CLANG_WARN_OBJC_ROOT_CLASS = YES_ERROR;
				CLANG_WARN_UNREACHABLE_CODE = YES;
				CLANG_WARN__DUPLICATE_METHOD_MATCH = YES;
				"CODE_SIGN_IDENTITY[sdk=iphoneos*]" = "iPhone Developer";
				COPY_PHASE_STRIP = NO;
				DEBUG_INFORMATION_FORMAT = dwarf;
				ENABLE_STRICT_OBJC_MSGSEND = YES;
				ENABLE_TESTABILITY = YES;
				GCC_C_LANGUAGE_STANDARD = gnu99;
				GCC_DYNAMIC_NO_PIC = NO;
				GCC_NO_COMMON_BLOCKS = YES;
				GCC_OPTIMIZATION_LEVEL = 0;
				GCC_PREPROCESSOR_DEFINITIONS = (
					"DEBUG=1",
					"$(inherited)",
				);
				GCC_WARN_64_TO_32_BIT_CONVERSION = YES;
				GCC_WARN_ABOUT_RETURN_TYPE = YES_ERROR;
				GCC_WARN_UNDECLARED_SELECTOR = YES;
				GCC_WARN_UNINITIALIZED_AUTOS = YES_AGGRESSIVE;
				GCC_WARN_UNUSED_FUNCTION = YES;
				GCC_WARN_UNUSED_VARIABLE = YES;
				IPHONEOS_DEPLOYMENT_TARGET = 9.2;
				MTL_ENABLE_DEBUG_INFO = YES;
				ONLY_ACTIVE_ARCH = YES;
				SDKROOT = iphoneos;
				SWIFT_OPTIMIZATION_LEVEL = "-Onone";
				TARGETED_DEVICE_FAMILY = "1,2";
			};
			name = Debug;
		};
		83E7258F1C5AEF0D00A0E8D4 /* Release */ = {
			isa = XCBuildConfiguration;
			buildSettings = {
				ALWAYS_SEARCH_USER_PATHS = NO;
				CLANG_CXX_LANGUAGE_STANDARD = "gnu++0x";
				CLANG_CXX_LIBRARY = "libc++";
				CLANG_ENABLE_MODULES = YES;
				CLANG_ENABLE_OBJC_ARC = YES;
				CLANG_WARN_BOOL_CONVERSION = YES;
				CLANG_WARN_CONSTANT_CONVERSION = YES;
				CLANG_WARN_DIRECT_OBJC_ISA_USAGE = YES_ERROR;
				CLANG_WARN_EMPTY_BODY = YES;
				CLANG_WARN_ENUM_CONVERSION = YES;
				CLANG_WARN_INT_CONVERSION = YES;
				CLANG_WARN_OBJC_ROOT_CLASS = YES_ERROR;
				CLANG_WARN_UNREACHABLE_CODE = YES;
				CLANG_WARN__DUPLICATE_METHOD_MATCH = YES;
				"CODE_SIGN_IDENTITY[sdk=iphoneos*]" = "iPhone Developer";
				COPY_PHASE_STRIP = NO;
				DEBUG_INFORMATION_FORMAT = "dwarf-with-dsym";
				ENABLE_NS_ASSERTIONS = NO;
				ENABLE_STRICT_OBJC_MSGSEND = YES;
				GCC_C_LANGUAGE_STANDARD = gnu99;
				GCC_NO_COMMON_BLOCKS = YES;
				GCC_WARN_64_TO_32_BIT_CONVERSION = YES;
				GCC_WARN_ABOUT_RETURN_TYPE = YES_ERROR;
				GCC_WARN_UNDECLARED_SELECTOR = YES;
				GCC_WARN_UNINITIALIZED_AUTOS = YES_AGGRESSIVE;
				GCC_WARN_UNUSED_FUNCTION = YES;
				GCC_WARN_UNUSED_VARIABLE = YES;
				IPHONEOS_DEPLOYMENT_TARGET = 9.2;
				MTL_ENABLE_DEBUG_INFO = NO;
				SDKROOT = iphoneos;
				TARGETED_DEVICE_FAMILY = "1,2";
				VALIDATE_PRODUCT = YES;
			};
			name = Release;
		};
		83E725911C5AEF0D00A0E8D4 /* Debug */ = {
			isa = XCBuildConfiguration;
			baseConfigurationReference = 73B7F1F04684D0F80B36620A /* Pods-unnamedcast.debug.xcconfig */;
			buildSettings = {
				ASSETCATALOG_COMPILER_APPICON_NAME = AppIcon;
				CODE_SIGN_IDENTITY = "iPhone Developer";
				"CODE_SIGN_IDENTITY[sdk=iphoneos*]" = "iPhone Developer";
				INFOPLIST_FILE = unnamedcast/Info.plist;
				IPHONEOS_DEPLOYMENT_TARGET = 9.2;
				LD_RUNPATH_SEARCH_PATHS = "$(inherited) @executable_path/Frameworks";
				PRODUCT_BUNDLE_IDENTIFIER = com.chrisjlucas.unnamedcast;
				PRODUCT_NAME = "$(TARGET_NAME)";
				PROVISIONING_PROFILE = "";
				SWIFT_VERSION = 2.3;
			};
			name = Debug;
		};
		83E725921C5AEF0D00A0E8D4 /* Release */ = {
			isa = XCBuildConfiguration;
			baseConfigurationReference = 36220392FD0ED3B492C36B69 /* Pods-unnamedcast.release.xcconfig */;
			buildSettings = {
				ASSETCATALOG_COMPILER_APPICON_NAME = AppIcon;
				CODE_SIGN_IDENTITY = "iPhone Developer";
				"CODE_SIGN_IDENTITY[sdk=iphoneos*]" = "iPhone Developer";
				INFOPLIST_FILE = unnamedcast/Info.plist;
				IPHONEOS_DEPLOYMENT_TARGET = 9.2;
				LD_RUNPATH_SEARCH_PATHS = "$(inherited) @executable_path/Frameworks";
				PRODUCT_BUNDLE_IDENTIFIER = com.chrisjlucas.unnamedcast;
				PRODUCT_NAME = "$(TARGET_NAME)";
				PROVISIONING_PROFILE = "";
				SWIFT_VERSION = 2.3;
			};
			name = Release;
		};
		83E725941C5AEF0D00A0E8D4 /* Debug */ = {
			isa = XCBuildConfiguration;
			baseConfigurationReference = 6955001618EA2A04FCFFFB14 /* Pods-unnamedcastTests.debug.xcconfig */;
			buildSettings = {
				BUNDLE_LOADER = "$(TEST_HOST)";
				INFOPLIST_FILE = unnamedcastTests/Info.plist;
				LD_RUNPATH_SEARCH_PATHS = "$(inherited) @executable_path/Frameworks @loader_path/Frameworks";
				PRODUCT_BUNDLE_IDENTIFIER = com.chrisjlucas.unnamedcastTests;
				PRODUCT_NAME = "$(TARGET_NAME)";
				TEST_HOST = "$(BUILT_PRODUCTS_DIR)/unnamedcast.app/unnamedcast";
			};
			name = Debug;
		};
		83E725951C5AEF0D00A0E8D4 /* Release */ = {
			isa = XCBuildConfiguration;
			baseConfigurationReference = BF1B60E96407BB98569F864B /* Pods-unnamedcastTests.release.xcconfig */;
			buildSettings = {
				BUNDLE_LOADER = "$(TEST_HOST)";
				INFOPLIST_FILE = unnamedcastTests/Info.plist;
				LD_RUNPATH_SEARCH_PATHS = "$(inherited) @executable_path/Frameworks @loader_path/Frameworks";
				PRODUCT_BUNDLE_IDENTIFIER = com.chrisjlucas.unnamedcastTests;
				PRODUCT_NAME = "$(TARGET_NAME)";
				TEST_HOST = "$(BUILT_PRODUCTS_DIR)/unnamedcast.app/unnamedcast";
			};
			name = Release;
		};
		83E725971C5AEF0D00A0E8D4 /* Debug */ = {
			isa = XCBuildConfiguration;
			baseConfigurationReference = 37CFD606BB6E00CC8E1F9235 /* Pods-unnamedcastUITests.debug.xcconfig */;
			buildSettings = {
				INFOPLIST_FILE = unnamedcastUITests/Info.plist;
				LD_RUNPATH_SEARCH_PATHS = "$(inherited) @executable_path/Frameworks @loader_path/Frameworks";
				PRODUCT_BUNDLE_IDENTIFIER = com.chrisjlucas.unnamedcastUITests;
				PRODUCT_NAME = "$(TARGET_NAME)";
				TEST_TARGET_NAME = unnamedcast;
				USES_XCTRUNNER = YES;
			};
			name = Debug;
		};
		83E725981C5AEF0D00A0E8D4 /* Release */ = {
			isa = XCBuildConfiguration;
			baseConfigurationReference = 71F24CEA613711B7E31BFEF9 /* Pods-unnamedcastUITests.release.xcconfig */;
			buildSettings = {
				INFOPLIST_FILE = unnamedcastUITests/Info.plist;
				LD_RUNPATH_SEARCH_PATHS = "$(inherited) @executable_path/Frameworks @loader_path/Frameworks";
				PRODUCT_BUNDLE_IDENTIFIER = com.chrisjlucas.unnamedcastUITests;
				PRODUCT_NAME = "$(TARGET_NAME)";
				TEST_TARGET_NAME = unnamedcast;
				USES_XCTRUNNER = YES;
			};
			name = Release;
		};
/* End XCBuildConfiguration section */

/* Begin XCConfigurationList section */
		83E3456E1C94A71D009F25E6 /* Build configuration list for PBXNativeTarget "unnamedcastUnitTests" */ = {
			isa = XCConfigurationList;
			buildConfigurations = (
				83E3456F1C94A71D009F25E6 /* Debug */,
				83E345701C94A71D009F25E6 /* Release */,
			);
			defaultConfigurationIsVisible = 0;
			defaultConfigurationName = Release;
		};
		83E725631C5AEF0D00A0E8D4 /* Build configuration list for PBXProject "unnamedcast" */ = {
			isa = XCConfigurationList;
			buildConfigurations = (
				83E7258E1C5AEF0D00A0E8D4 /* Debug */,
				83E7258F1C5AEF0D00A0E8D4 /* Release */,
			);
			defaultConfigurationIsVisible = 0;
			defaultConfigurationName = Release;
		};
		83E725901C5AEF0D00A0E8D4 /* Build configuration list for PBXNativeTarget "unnamedcast" */ = {
			isa = XCConfigurationList;
			buildConfigurations = (
				83E725911C5AEF0D00A0E8D4 /* Debug */,
				83E725921C5AEF0D00A0E8D4 /* Release */,
			);
			defaultConfigurationIsVisible = 0;
			defaultConfigurationName = Release;
		};
		83E725931C5AEF0D00A0E8D4 /* Build configuration list for PBXNativeTarget "unnamedcastTests" */ = {
			isa = XCConfigurationList;
			buildConfigurations = (
				83E725941C5AEF0D00A0E8D4 /* Debug */,
				83E725951C5AEF0D00A0E8D4 /* Release */,
			);
			defaultConfigurationIsVisible = 0;
			defaultConfigurationName = Release;
		};
		83E725961C5AEF0D00A0E8D4 /* Build configuration list for PBXNativeTarget "unnamedcastUITests" */ = {
			isa = XCConfigurationList;
			buildConfigurations = (
				83E725971C5AEF0D00A0E8D4 /* Debug */,
				83E725981C5AEF0D00A0E8D4 /* Release */,
			);
			defaultConfigurationIsVisible = 0;
			defaultConfigurationName = Release;
		};
/* End XCConfigurationList section */
	};
	rootObject = 83E725601C5AEF0D00A0E8D4 /* Project object */;
}
